// !$*UTF8*$!
{
	archiveVersion = 1;
	classes = {
	};
	objectVersion = 48;
	objects = {

/* Begin PBXBuildFile section */
		02EC8A6528A82BE5372E6E75 /* libPods-TokenProject.a in Frameworks */ = {isa = PBXBuildFile; fileRef = 35A049B444AF179B09290EA7 /* libPods-TokenProject.a */; };
		3400C4C020700405001B3AE9 /* UIView+QYPPSizes.m in Sources */ = {isa = PBXBuildFile; fileRef = 3400C4BF20700405001B3AE9 /* UIView+QYPPSizes.m */; };
		3400C4CB20714C3A001B3AE9 /* TKMarketsCell.m in Sources */ = {isa = PBXBuildFile; fileRef = 3400C4C420714C3A001B3AE9 /* TKMarketsCell.m */; };
		3400C4CC20714C3A001B3AE9 /* TKMarketsListController.m in Sources */ = {isa = PBXBuildFile; fileRef = 3400C4C620714C3A001B3AE9 /* TKMarketsListController.m */; };
		3400C4CD20714C3A001B3AE9 /* TKMarketsModel.m in Sources */ = {isa = PBXBuildFile; fileRef = 3400C4C820714C3A001B3AE9 /* TKMarketsModel.m */; };
		3400C4CE20714C3A001B3AE9 /* TKMarketsSource.m in Sources */ = {isa = PBXBuildFile; fileRef = 3400C4CA20714C3A001B3AE9 /* TKMarketsSource.m */; };
		3400C4D120714C6D001B3AE9 /* TKMarketsDetailController.m in Sources */ = {isa = PBXBuildFile; fileRef = 3400C4D020714C6D001B3AE9 /* TKMarketsDetailController.m */; };
		3400C4D520714CD7001B3AE9 /* TKMarketsDetailListController.m in Sources */ = {isa = PBXBuildFile; fileRef = 3400C4D420714CD7001B3AE9 /* TKMarketsDetailListController.m */; };
		3400C4D820714F9A001B3AE9 /* TKMarketsTabSource.m in Sources */ = {isa = PBXBuildFile; fileRef = 3400C4D720714F9A001B3AE9 /* TKMarketsTabSource.m */; };
		3400C4DB2071F2F2001B3AE9 /* TKMarketsDetailMarketListSource.m in Sources */ = {isa = PBXBuildFile; fileRef = 3400C4DA2071F2F2001B3AE9 /* TKMarketsDetailMarketListSource.m */; };
		3400C4DE2071F5DF001B3AE9 /* TKMarketsDetailMarketCell.m in Sources */ = {isa = PBXBuildFile; fileRef = 3400C4DD2071F5DF001B3AE9 /* TKMarketsDetailMarketCell.m */; };
		3400C4E12071FEC6001B3AE9 /* TKMarketsDetailExchangeListSource.m in Sources */ = {isa = PBXBuildFile; fileRef = 3400C4E02071FEC6001B3AE9 /* TKMarketsDetailExchangeListSource.m */; };
		3400C4E42071FEE5001B3AE9 /* TKMarketsDetailExchangeCell.m in Sources */ = {isa = PBXBuildFile; fileRef = 3400C4E32071FEE5001B3AE9 /* TKMarketsDetailExchangeCell.m */; };
		3400C4E820720669001B3AE9 /* QYPPAlertView_.m in Sources */ = {isa = PBXBuildFile; fileRef = 3400C4E720720669001B3AE9 /* QYPPAlertView_.m */; };
		3400C4F5207277E9001B3AE9 /* TKTimeLineNewsController.m in Sources */ = {isa = PBXBuildFile; fileRef = 3400C4F4207277E9001B3AE9 /* TKTimeLineNewsController.m */; };
		3400C4F820727817001B3AE9 /* TKMySpaceController.m in Sources */ = {isa = PBXBuildFile; fileRef = 3400C4F720727817001B3AE9 /* TKMySpaceController.m */; };
		3400C4FB20728318001B3AE9 /* TKTimeLineNewsSource.m in Sources */ = {isa = PBXBuildFile; fileRef = 3400C4FA20728318001B3AE9 /* TKTimeLineNewsSource.m */; };
		3400C4FE2072834B001B3AE9 /* TKTimeLineNewsModel.m in Sources */ = {isa = PBXBuildFile; fileRef = 3400C4FD2072834B001B3AE9 /* TKTimeLineNewsModel.m */; };
		3400C50120728799001B3AE9 /* TKTimeLineNewsCell.m in Sources */ = {isa = PBXBuildFile; fileRef = 3400C50020728799001B3AE9 /* TKTimeLineNewsCell.m */; };
		3400C50620739658001B3AE9 /* TKMySpaceSource.m in Sources */ = {isa = PBXBuildFile; fileRef = 3400C50520739658001B3AE9 /* TKMySpaceSource.m */; };
		3400C50920739711001B3AE9 /* TKMySpaceModel.m in Sources */ = {isa = PBXBuildFile; fileRef = 3400C50820739711001B3AE9 /* TKMySpaceModel.m */; };
		347425DF206C961100CF390E /* AppDelegate.m in Sources */ = {isa = PBXBuildFile; fileRef = 347425DE206C961100CF390E /* AppDelegate.m */; };
		347425E2206C961100CF390E /* ViewController.m in Sources */ = {isa = PBXBuildFile; fileRef = 347425E1206C961100CF390E /* ViewController.m */; };
		347425E5206C961100CF390E /* Main.storyboard in Resources */ = {isa = PBXBuildFile; fileRef = 347425E3206C961100CF390E /* Main.storyboard */; };
		347425E7206C961100CF390E /* Assets.xcassets in Resources */ = {isa = PBXBuildFile; fileRef = 347425E6206C961100CF390E /* Assets.xcassets */; };
		347425EA206C961100CF390E /* LaunchScreen.storyboard in Resources */ = {isa = PBXBuildFile; fileRef = 347425E8206C961100CF390E /* LaunchScreen.storyboard */; };
		347425ED206C961100CF390E /* main.m in Sources */ = {isa = PBXBuildFile; fileRef = 347425EC206C961100CF390E /* main.m */; };
		347425F7206C961200CF390E /* TokenProjectTests.m in Sources */ = {isa = PBXBuildFile; fileRef = 347425F6206C961200CF390E /* TokenProjectTests.m */; };
		34742602206C961200CF390E /* TokenProjectUITests.m in Sources */ = {isa = PBXBuildFile; fileRef = 34742601206C961200CF390E /* TokenProjectUITests.m */; };
		34742613206C970800CF390E /* TKMarketsMainController.m in Sources */ = {isa = PBXBuildFile; fileRef = 34742612206C970800CF390E /* TKMarketsMainController.m */; };
		34742616206C972700CF390E /* TKNewsMainController.m in Sources */ = {isa = PBXBuildFile; fileRef = 34742615206C972700CF390E /* TKNewsMainController.m */; };
		34B88C8C206D35CD007DE454 /* TKModel.m in Sources */ = {isa = PBXBuildFile; fileRef = 34B88C4B206D35CD007DE454 /* TKModel.m */; };
		34B88C9C206D35CD007DE454 /* TKRequest.m in Sources */ = {isa = PBXBuildFile; fileRef = 34B88C72206D35CD007DE454 /* TKRequest.m */; };
		34B88C9D206D35CD007DE454 /* QYPPCollectionView.m in Sources */ = {isa = PBXBuildFile; fileRef = 34B88C76206D35CD007DE454 /* QYPPCollectionView.m */; };
		34B88C9E206D35CD007DE454 /* QYPPCollectionViewSource.m in Sources */ = {isa = PBXBuildFile; fileRef = 34B88C78206D35CD007DE454 /* QYPPCollectionViewSource.m */; };
		34B88C9F206D35CD007DE454 /* QYPPListViewController.m in Sources */ = {isa = PBXBuildFile; fileRef = 34B88C7B206D35CD007DE454 /* QYPPListViewController.m */; };
		34B88CA0206D35CD007DE454 /* QYPPListViewSource.m in Sources */ = {isa = PBXBuildFile; fileRef = 34B88C7D206D35CD007DE454 /* QYPPListViewSource.m */; };
		34B88CA1206D35CD007DE454 /* QYPPTableView.m in Sources */ = {isa = PBXBuildFile; fileRef = 34B88C80206D35CD007DE454 /* QYPPTableView.m */; };
		34B88CA2206D35CD007DE454 /* QYPPTableViewSource.m in Sources */ = {isa = PBXBuildFile; fileRef = 34B88C82206D35CD007DE454 /* QYPPTableViewSource.m */; };
		34B88CF7206E496B007DE454 /* TKNewsCell.m in Sources */ = {isa = PBXBuildFile; fileRef = 34B88CF2206E496B007DE454 /* TKNewsCell.m */; };
		34B88CF8206E496B007DE454 /* TKNewsModel.m in Sources */ = {isa = PBXBuildFile; fileRef = 34B88CF4206E496B007DE454 /* TKNewsModel.m */; };
		34B88CF9206E496B007DE454 /* TKNewsSource.m in Sources */ = {isa = PBXBuildFile; fileRef = 34B88CF6206E496B007DE454 /* TKNewsSource.m */; };
		34B88CFC206E4992007DE454 /* TKNewsDetailController.m in Sources */ = {isa = PBXBuildFile; fileRef = 34B88CFB206E4992007DE454 /* TKNewsDetailController.m */; };
		34B88CFE206E5845007DE454 /* test.html in Resources */ = {isa = PBXBuildFile; fileRef = 34B88CFD206E5845007DE454 /* test.html */; };
		34B88D06206E85E2007DE454 /* QYPPBarItem.m in Sources */ = {isa = PBXBuildFile; fileRef = 34B88D01206E85E2007DE454 /* QYPPBarItem.m */; };
		34B88D07206E85E2007DE454 /* QYPPTabBar.m in Sources */ = {isa = PBXBuildFile; fileRef = 34B88D03206E85E2007DE454 /* QYPPTabBar.m */; };
		34B88D08206E85E2007DE454 /* QYPPTabBarController.m in Sources */ = {isa = PBXBuildFile; fileRef = 34B88D05206E85E2007DE454 /* QYPPTabBarController.m */; };
		34B88D0C206E8FB4007DE454 /* NSString+TK.m in Sources */ = {isa = PBXBuildFile; fileRef = 34B88D0B206E8FB4007DE454 /* NSString+TK.m */; };
		34B88D0F206E921C007DE454 /* TKBaseAPI.m in Sources */ = {isa = PBXBuildFile; fileRef = 34B88D0E206E921C007DE454 /* TKBaseAPI.m */; };
/* End PBXBuildFile section */

/* Begin PBXContainerItemProxy section */
		347425F3206C961200CF390E /* PBXContainerItemProxy */ = {
			isa = PBXContainerItemProxy;
			containerPortal = 347425D2206C961100CF390E /* Project object */;
			proxyType = 1;
			remoteGlobalIDString = 347425D9206C961100CF390E;
			remoteInfo = TokenProject;
		};
		347425FE206C961200CF390E /* PBXContainerItemProxy */ = {
			isa = PBXContainerItemProxy;
			containerPortal = 347425D2206C961100CF390E /* Project object */;
			proxyType = 1;
			remoteGlobalIDString = 347425D9206C961100CF390E;
			remoteInfo = TokenProject;
		};
/* End PBXContainerItemProxy section */

/* Begin PBXFileReference section */
		3400C4BE20700405001B3AE9 /* UIView+QYPPSizes.h */ = {isa = PBXFileReference; fileEncoding = 4; lastKnownFileType = sourcecode.c.h; path = "UIView+QYPPSizes.h"; sourceTree = "<group>"; };
		3400C4BF20700405001B3AE9 /* UIView+QYPPSizes.m */ = {isa = PBXFileReference; fileEncoding = 4; lastKnownFileType = sourcecode.c.objc; path = "UIView+QYPPSizes.m"; sourceTree = "<group>"; };
		3400C4C120700421001B3AE9 /* TKUIKit.h */ = {isa = PBXFileReference; lastKnownFileType = sourcecode.c.h; path = TKUIKit.h; sourceTree = "<group>"; };
		3400C4C320714C3A001B3AE9 /* TKMarketsCell.h */ = {isa = PBXFileReference; fileEncoding = 4; lastKnownFileType = sourcecode.c.h; path = TKMarketsCell.h; sourceTree = "<group>"; };
		3400C4C420714C3A001B3AE9 /* TKMarketsCell.m */ = {isa = PBXFileReference; fileEncoding = 4; lastKnownFileType = sourcecode.c.objc; path = TKMarketsCell.m; sourceTree = "<group>"; };
		3400C4C520714C3A001B3AE9 /* TKMarketsListController.h */ = {isa = PBXFileReference; fileEncoding = 4; lastKnownFileType = sourcecode.c.h; path = TKMarketsListController.h; sourceTree = "<group>"; };
		3400C4C620714C3A001B3AE9 /* TKMarketsListController.m */ = {isa = PBXFileReference; fileEncoding = 4; lastKnownFileType = sourcecode.c.objc; path = TKMarketsListController.m; sourceTree = "<group>"; };
		3400C4C720714C3A001B3AE9 /* TKMarketsModel.h */ = {isa = PBXFileReference; fileEncoding = 4; lastKnownFileType = sourcecode.c.h; path = TKMarketsModel.h; sourceTree = "<group>"; };
		3400C4C820714C3A001B3AE9 /* TKMarketsModel.m */ = {isa = PBXFileReference; fileEncoding = 4; lastKnownFileType = sourcecode.c.objc; path = TKMarketsModel.m; sourceTree = "<group>"; };
		3400C4C920714C3A001B3AE9 /* TKMarketsSource.h */ = {isa = PBXFileReference; fileEncoding = 4; lastKnownFileType = sourcecode.c.h; path = TKMarketsSource.h; sourceTree = "<group>"; };
		3400C4CA20714C3A001B3AE9 /* TKMarketsSource.m */ = {isa = PBXFileReference; fileEncoding = 4; lastKnownFileType = sourcecode.c.objc; path = TKMarketsSource.m; sourceTree = "<group>"; };
		3400C4CF20714C6D001B3AE9 /* TKMarketsDetailController.h */ = {isa = PBXFileReference; lastKnownFileType = sourcecode.c.h; path = TKMarketsDetailController.h; sourceTree = "<group>"; };
		3400C4D020714C6D001B3AE9 /* TKMarketsDetailController.m */ = {isa = PBXFileReference; lastKnownFileType = sourcecode.c.objc; path = TKMarketsDetailController.m; sourceTree = "<group>"; };
		3400C4D320714CD7001B3AE9 /* TKMarketsDetailListController.h */ = {isa = PBXFileReference; lastKnownFileType = sourcecode.c.h; path = TKMarketsDetailListController.h; sourceTree = "<group>"; };
		3400C4D420714CD7001B3AE9 /* TKMarketsDetailListController.m */ = {isa = PBXFileReference; lastKnownFileType = sourcecode.c.objc; path = TKMarketsDetailListController.m; sourceTree = "<group>"; };
		3400C4D620714F9A001B3AE9 /* TKMarketsTabSource.h */ = {isa = PBXFileReference; lastKnownFileType = sourcecode.c.h; path = TKMarketsTabSource.h; sourceTree = "<group>"; };
		3400C4D720714F9A001B3AE9 /* TKMarketsTabSource.m */ = {isa = PBXFileReference; lastKnownFileType = sourcecode.c.objc; path = TKMarketsTabSource.m; sourceTree = "<group>"; };
		3400C4D92071F2F2001B3AE9 /* TKMarketsDetailMarketListSource.h */ = {isa = PBXFileReference; lastKnownFileType = sourcecode.c.h; path = TKMarketsDetailMarketListSource.h; sourceTree = "<group>"; };
		3400C4DA2071F2F2001B3AE9 /* TKMarketsDetailMarketListSource.m */ = {isa = PBXFileReference; lastKnownFileType = sourcecode.c.objc; path = TKMarketsDetailMarketListSource.m; sourceTree = "<group>"; };
		3400C4DC2071F5DF001B3AE9 /* TKMarketsDetailMarketCell.h */ = {isa = PBXFileReference; lastKnownFileType = sourcecode.c.h; path = TKMarketsDetailMarketCell.h; sourceTree = "<group>"; };
		3400C4DD2071F5DF001B3AE9 /* TKMarketsDetailMarketCell.m */ = {isa = PBXFileReference; lastKnownFileType = sourcecode.c.objc; path = TKMarketsDetailMarketCell.m; sourceTree = "<group>"; };
		3400C4DF2071FEC6001B3AE9 /* TKMarketsDetailExchangeListSource.h */ = {isa = PBXFileReference; lastKnownFileType = sourcecode.c.h; path = TKMarketsDetailExchangeListSource.h; sourceTree = "<group>"; };
		3400C4E02071FEC6001B3AE9 /* TKMarketsDetailExchangeListSource.m */ = {isa = PBXFileReference; lastKnownFileType = sourcecode.c.objc; path = TKMarketsDetailExchangeListSource.m; sourceTree = "<group>"; };
		3400C4E22071FEE5001B3AE9 /* TKMarketsDetailExchangeCell.h */ = {isa = PBXFileReference; lastKnownFileType = sourcecode.c.h; path = TKMarketsDetailExchangeCell.h; sourceTree = "<group>"; };
		3400C4E32071FEE5001B3AE9 /* TKMarketsDetailExchangeCell.m */ = {isa = PBXFileReference; lastKnownFileType = sourcecode.c.objc; path = TKMarketsDetailExchangeCell.m; sourceTree = "<group>"; };
		3400C4E620720669001B3AE9 /* QYPPAlertView_.h */ = {isa = PBXFileReference; fileEncoding = 4; lastKnownFileType = sourcecode.c.h; path = QYPPAlertView_.h; sourceTree = "<group>"; };
		3400C4E720720669001B3AE9 /* QYPPAlertView_.m */ = {isa = PBXFileReference; fileEncoding = 4; lastKnownFileType = sourcecode.c.objc; path = QYPPAlertView_.m; sourceTree = "<group>"; };
		3400C4F3207277E9001B3AE9 /* TKTimeLineNewsController.h */ = {isa = PBXFileReference; lastKnownFileType = sourcecode.c.h; path = TKTimeLineNewsController.h; sourceTree = "<group>"; };
		3400C4F4207277E9001B3AE9 /* TKTimeLineNewsController.m */ = {isa = PBXFileReference; lastKnownFileType = sourcecode.c.objc; path = TKTimeLineNewsController.m; sourceTree = "<group>"; };
		3400C4F620727817001B3AE9 /* TKMySpaceController.h */ = {isa = PBXFileReference; lastKnownFileType = sourcecode.c.h; path = TKMySpaceController.h; sourceTree = "<group>"; };
		3400C4F720727817001B3AE9 /* TKMySpaceController.m */ = {isa = PBXFileReference; lastKnownFileType = sourcecode.c.objc; path = TKMySpaceController.m; sourceTree = "<group>"; };
		3400C4F920728318001B3AE9 /* TKTimeLineNewsSource.h */ = {isa = PBXFileReference; lastKnownFileType = sourcecode.c.h; path = TKTimeLineNewsSource.h; sourceTree = "<group>"; };
		3400C4FA20728318001B3AE9 /* TKTimeLineNewsSource.m */ = {isa = PBXFileReference; lastKnownFileType = sourcecode.c.objc; path = TKTimeLineNewsSource.m; sourceTree = "<group>"; };
		3400C4FC2072834B001B3AE9 /* TKTimeLineNewsModel.h */ = {isa = PBXFileReference; lastKnownFileType = sourcecode.c.h; path = TKTimeLineNewsModel.h; sourceTree = "<group>"; };
		3400C4FD2072834B001B3AE9 /* TKTimeLineNewsModel.m */ = {isa = PBXFileReference; lastKnownFileType = sourcecode.c.objc; path = TKTimeLineNewsModel.m; sourceTree = "<group>"; };
		3400C4FF20728799001B3AE9 /* TKTimeLineNewsCell.h */ = {isa = PBXFileReference; lastKnownFileType = sourcecode.c.h; path = TKTimeLineNewsCell.h; sourceTree = "<group>"; };
		3400C50020728799001B3AE9 /* TKTimeLineNewsCell.m */ = {isa = PBXFileReference; lastKnownFileType = sourcecode.c.objc; path = TKTimeLineNewsCell.m; sourceTree = "<group>"; };
		3400C50420739658001B3AE9 /* TKMySpaceSource.h */ = {isa = PBXFileReference; lastKnownFileType = sourcecode.c.h; path = TKMySpaceSource.h; sourceTree = "<group>"; };
		3400C50520739658001B3AE9 /* TKMySpaceSource.m */ = {isa = PBXFileReference; lastKnownFileType = sourcecode.c.objc; path = TKMySpaceSource.m; sourceTree = "<group>"; };
		3400C50720739711001B3AE9 /* TKMySpaceModel.h */ = {isa = PBXFileReference; lastKnownFileType = sourcecode.c.h; path = TKMySpaceModel.h; sourceTree = "<group>"; };
		3400C50820739711001B3AE9 /* TKMySpaceModel.m */ = {isa = PBXFileReference; lastKnownFileType = sourcecode.c.objc; path = TKMySpaceModel.m; sourceTree = "<group>"; };
		347425DA206C961100CF390E /* TokenProject.app */ = {isa = PBXFileReference; explicitFileType = wrapper.application; includeInIndex = 0; path = TokenProject.app; sourceTree = BUILT_PRODUCTS_DIR; };
		347425DD206C961100CF390E /* AppDelegate.h */ = {isa = PBXFileReference; lastKnownFileType = sourcecode.c.h; path = AppDelegate.h; sourceTree = "<group>"; };
		347425DE206C961100CF390E /* AppDelegate.m */ = {isa = PBXFileReference; lastKnownFileType = sourcecode.c.objc; path = AppDelegate.m; sourceTree = "<group>"; };
		347425E0206C961100CF390E /* ViewController.h */ = {isa = PBXFileReference; lastKnownFileType = sourcecode.c.h; path = ViewController.h; sourceTree = "<group>"; };
		347425E1206C961100CF390E /* ViewController.m */ = {isa = PBXFileReference; lastKnownFileType = sourcecode.c.objc; path = ViewController.m; sourceTree = "<group>"; };
		347425E4206C961100CF390E /* Base */ = {isa = PBXFileReference; lastKnownFileType = file.storyboard; name = Base; path = Base.lproj/Main.storyboard; sourceTree = "<group>"; };
		347425E6206C961100CF390E /* Assets.xcassets */ = {isa = PBXFileReference; lastKnownFileType = folder.assetcatalog; path = Assets.xcassets; sourceTree = "<group>"; };
		347425E9206C961100CF390E /* Base */ = {isa = PBXFileReference; lastKnownFileType = file.storyboard; name = Base; path = Base.lproj/LaunchScreen.storyboard; sourceTree = "<group>"; };
		347425EB206C961100CF390E /* Info.plist */ = {isa = PBXFileReference; lastKnownFileType = text.plist.xml; path = Info.plist; sourceTree = "<group>"; };
		347425EC206C961100CF390E /* main.m */ = {isa = PBXFileReference; lastKnownFileType = sourcecode.c.objc; path = main.m; sourceTree = "<group>"; };
		347425F2206C961100CF390E /* TokenProjectTests.xctest */ = {isa = PBXFileReference; explicitFileType = wrapper.cfbundle; includeInIndex = 0; path = TokenProjectTests.xctest; sourceTree = BUILT_PRODUCTS_DIR; };
		347425F6206C961200CF390E /* TokenProjectTests.m */ = {isa = PBXFileReference; lastKnownFileType = sourcecode.c.objc; path = TokenProjectTests.m; sourceTree = "<group>"; };
		347425F8206C961200CF390E /* Info.plist */ = {isa = PBXFileReference; lastKnownFileType = text.plist.xml; path = Info.plist; sourceTree = "<group>"; };
		347425FD206C961200CF390E /* TokenProjectUITests.xctest */ = {isa = PBXFileReference; explicitFileType = wrapper.cfbundle; includeInIndex = 0; path = TokenProjectUITests.xctest; sourceTree = BUILT_PRODUCTS_DIR; };
		34742601206C961200CF390E /* TokenProjectUITests.m */ = {isa = PBXFileReference; lastKnownFileType = sourcecode.c.objc; path = TokenProjectUITests.m; sourceTree = "<group>"; };
		34742603206C961200CF390E /* Info.plist */ = {isa = PBXFileReference; lastKnownFileType = text.plist.xml; path = Info.plist; sourceTree = "<group>"; };
		34742611206C970800CF390E /* TKMarketsMainController.h */ = {isa = PBXFileReference; lastKnownFileType = sourcecode.c.h; path = TKMarketsMainController.h; sourceTree = "<group>"; };
		34742612206C970800CF390E /* TKMarketsMainController.m */ = {isa = PBXFileReference; lastKnownFileType = sourcecode.c.objc; path = TKMarketsMainController.m; sourceTree = "<group>"; };
		34742614206C972700CF390E /* TKNewsMainController.h */ = {isa = PBXFileReference; lastKnownFileType = sourcecode.c.h; path = TKNewsMainController.h; sourceTree = "<group>"; };
		34742615206C972700CF390E /* TKNewsMainController.m */ = {isa = PBXFileReference; lastKnownFileType = sourcecode.c.objc; path = TKNewsMainController.m; sourceTree = "<group>"; };
		34B88C4A206D35CD007DE454 /* TKModel.h */ = {isa = PBXFileReference; fileEncoding = 4; lastKnownFileType = sourcecode.c.h; path = TKModel.h; sourceTree = "<group>"; };
		34B88C4B206D35CD007DE454 /* TKModel.m */ = {isa = PBXFileReference; fileEncoding = 4; lastKnownFileType = sourcecode.c.objc; path = TKModel.m; sourceTree = "<group>"; };
		34B88C71206D35CD007DE454 /* TKRequest.h */ = {isa = PBXFileReference; fileEncoding = 4; lastKnownFileType = sourcecode.c.h; path = TKRequest.h; sourceTree = "<group>"; };
		34B88C72206D35CD007DE454 /* TKRequest.m */ = {isa = PBXFileReference; fileEncoding = 4; lastKnownFileType = sourcecode.c.objc; path = TKRequest.m; sourceTree = "<group>"; };
		34B88C75206D35CD007DE454 /* QYPPCollectionView.h */ = {isa = PBXFileReference; fileEncoding = 4; lastKnownFileType = sourcecode.c.h; path = QYPPCollectionView.h; sourceTree = "<group>"; };
		34B88C76206D35CD007DE454 /* QYPPCollectionView.m */ = {isa = PBXFileReference; fileEncoding = 4; lastKnownFileType = sourcecode.c.objc; path = QYPPCollectionView.m; sourceTree = "<group>"; };
		34B88C77206D35CD007DE454 /* QYPPCollectionViewSource.h */ = {isa = PBXFileReference; fileEncoding = 4; lastKnownFileType = sourcecode.c.h; path = QYPPCollectionViewSource.h; sourceTree = "<group>"; };
		34B88C78206D35CD007DE454 /* QYPPCollectionViewSource.m */ = {isa = PBXFileReference; fileEncoding = 4; lastKnownFileType = sourcecode.c.objc; path = QYPPCollectionViewSource.m; sourceTree = "<group>"; };
		34B88C7A206D35CD007DE454 /* QYPPListViewController.h */ = {isa = PBXFileReference; fileEncoding = 4; lastKnownFileType = sourcecode.c.h; path = QYPPListViewController.h; sourceTree = "<group>"; };
		34B88C7B206D35CD007DE454 /* QYPPListViewController.m */ = {isa = PBXFileReference; fileEncoding = 4; lastKnownFileType = sourcecode.c.objc; path = QYPPListViewController.m; sourceTree = "<group>"; };
		34B88C7C206D35CD007DE454 /* QYPPListViewSource.h */ = {isa = PBXFileReference; fileEncoding = 4; lastKnownFileType = sourcecode.c.h; path = QYPPListViewSource.h; sourceTree = "<group>"; };
		34B88C7D206D35CD007DE454 /* QYPPListViewSource.m */ = {isa = PBXFileReference; fileEncoding = 4; lastKnownFileType = sourcecode.c.objc; path = QYPPListViewSource.m; sourceTree = "<group>"; };
		34B88C7F206D35CD007DE454 /* QYPPTableView.h */ = {isa = PBXFileReference; fileEncoding = 4; lastKnownFileType = sourcecode.c.h; path = QYPPTableView.h; sourceTree = "<group>"; };
		34B88C80206D35CD007DE454 /* QYPPTableView.m */ = {isa = PBXFileReference; fileEncoding = 4; lastKnownFileType = sourcecode.c.objc; path = QYPPTableView.m; sourceTree = "<group>"; };
		34B88C81206D35CD007DE454 /* QYPPTableViewSource.h */ = {isa = PBXFileReference; fileEncoding = 4; lastKnownFileType = sourcecode.c.h; path = QYPPTableViewSource.h; sourceTree = "<group>"; };
		34B88C82206D35CD007DE454 /* QYPPTableViewSource.m */ = {isa = PBXFileReference; fileEncoding = 4; lastKnownFileType = sourcecode.c.objc; path = QYPPTableViewSource.m; sourceTree = "<group>"; };
		34B88CE6206D44F6007DE454 /* TokenProjectPrefixHeader.pch */ = {isa = PBXFileReference; lastKnownFileType = sourcecode.c.h; path = TokenProjectPrefixHeader.pch; sourceTree = "<group>"; };
		34B88CEF206E3515007DE454 /* BaseDefines.h */ = {isa = PBXFileReference; lastKnownFileType = sourcecode.c.h; path = BaseDefines.h; sourceTree = "<group>"; };
		34B88CF1206E496B007DE454 /* TKNewsCell.h */ = {isa = PBXFileReference; fileEncoding = 4; lastKnownFileType = sourcecode.c.h; path = TKNewsCell.h; sourceTree = "<group>"; };
		34B88CF2206E496B007DE454 /* TKNewsCell.m */ = {isa = PBXFileReference; fileEncoding = 4; lastKnownFileType = sourcecode.c.objc; path = TKNewsCell.m; sourceTree = "<group>"; };
		34B88CF3206E496B007DE454 /* TKNewsModel.h */ = {isa = PBXFileReference; fileEncoding = 4; lastKnownFileType = sourcecode.c.h; path = TKNewsModel.h; sourceTree = "<group>"; };
		34B88CF4206E496B007DE454 /* TKNewsModel.m */ = {isa = PBXFileReference; fileEncoding = 4; lastKnownFileType = sourcecode.c.objc; path = TKNewsModel.m; sourceTree = "<group>"; };
		34B88CF5206E496B007DE454 /* TKNewsSource.h */ = {isa = PBXFileReference; fileEncoding = 4; lastKnownFileType = sourcecode.c.h; path = TKNewsSource.h; sourceTree = "<group>"; };
		34B88CF6206E496B007DE454 /* TKNewsSource.m */ = {isa = PBXFileReference; fileEncoding = 4; lastKnownFileType = sourcecode.c.objc; path = TKNewsSource.m; sourceTree = "<group>"; };
		34B88CFA206E4992007DE454 /* TKNewsDetailController.h */ = {isa = PBXFileReference; lastKnownFileType = sourcecode.c.h; path = TKNewsDetailController.h; sourceTree = "<group>"; };
		34B88CFB206E4992007DE454 /* TKNewsDetailController.m */ = {isa = PBXFileReference; lastKnownFileType = sourcecode.c.objc; path = TKNewsDetailController.m; sourceTree = "<group>"; };
		34B88CFD206E5845007DE454 /* test.html */ = {isa = PBXFileReference; lastKnownFileType = text.html; path = test.html; sourceTree = "<group>"; };
		34B88D00206E85E2007DE454 /* QYPPBarItem.h */ = {isa = PBXFileReference; fileEncoding = 4; lastKnownFileType = sourcecode.c.h; path = QYPPBarItem.h; sourceTree = "<group>"; };
		34B88D01206E85E2007DE454 /* QYPPBarItem.m */ = {isa = PBXFileReference; fileEncoding = 4; lastKnownFileType = sourcecode.c.objc; path = QYPPBarItem.m; sourceTree = "<group>"; };
		34B88D02206E85E2007DE454 /* QYPPTabBar.h */ = {isa = PBXFileReference; fileEncoding = 4; lastKnownFileType = sourcecode.c.h; path = QYPPTabBar.h; sourceTree = "<group>"; };
		34B88D03206E85E2007DE454 /* QYPPTabBar.m */ = {isa = PBXFileReference; fileEncoding = 4; lastKnownFileType = sourcecode.c.objc; path = QYPPTabBar.m; sourceTree = "<group>"; };
		34B88D04206E85E2007DE454 /* QYPPTabBarController.h */ = {isa = PBXFileReference; fileEncoding = 4; lastKnownFileType = sourcecode.c.h; path = QYPPTabBarController.h; sourceTree = "<group>"; };
		34B88D05206E85E2007DE454 /* QYPPTabBarController.m */ = {isa = PBXFileReference; fileEncoding = 4; lastKnownFileType = sourcecode.c.objc; path = QYPPTabBarController.m; sourceTree = "<group>"; };
		34B88D0A206E8FB4007DE454 /* NSString+TK.h */ = {isa = PBXFileReference; lastKnownFileType = sourcecode.c.h; path = "NSString+TK.h"; sourceTree = "<group>"; };
		34B88D0B206E8FB4007DE454 /* NSString+TK.m */ = {isa = PBXFileReference; lastKnownFileType = sourcecode.c.objc; path = "NSString+TK.m"; sourceTree = "<group>"; };
		34B88D0D206E921C007DE454 /* TKBaseAPI.h */ = {isa = PBXFileReference; lastKnownFileType = sourcecode.c.h; path = TKBaseAPI.h; sourceTree = "<group>"; };
		34B88D0E206E921C007DE454 /* TKBaseAPI.m */ = {isa = PBXFileReference; lastKnownFileType = sourcecode.c.objc; path = TKBaseAPI.m; sourceTree = "<group>"; };
		35A049B444AF179B09290EA7 /* libPods-TokenProject.a */ = {isa = PBXFileReference; explicitFileType = archive.ar; includeInIndex = 0; path = "libPods-TokenProject.a"; sourceTree = BUILT_PRODUCTS_DIR; };
		8F4F63B956D98349DCB682BE /* Pods-TokenProject.debug.xcconfig */ = {isa = PBXFileReference; includeInIndex = 1; lastKnownFileType = text.xcconfig; name = "Pods-TokenProject.debug.xcconfig"; path = "Pods/Target Support Files/Pods-TokenProject/Pods-TokenProject.debug.xcconfig"; sourceTree = "<group>"; };
		FF23640557B8536ED6196698 /* Pods-TokenProject.release.xcconfig */ = {isa = PBXFileReference; includeInIndex = 1; lastKnownFileType = text.xcconfig; name = "Pods-TokenProject.release.xcconfig"; path = "Pods/Target Support Files/Pods-TokenProject/Pods-TokenProject.release.xcconfig"; sourceTree = "<group>"; };
/* End PBXFileReference section */

/* Begin PBXFrameworksBuildPhase section */
		347425D7206C961100CF390E /* Frameworks */ = {
			isa = PBXFrameworksBuildPhase;
			buildActionMask = 2147483647;
			files = (
				02EC8A6528A82BE5372E6E75 /* libPods-TokenProject.a in Frameworks */,
			);
			runOnlyForDeploymentPostprocessing = 0;
		};
		347425EF206C961100CF390E /* Frameworks */ = {
			isa = PBXFrameworksBuildPhase;
			buildActionMask = 2147483647;
			files = (
			);
			runOnlyForDeploymentPostprocessing = 0;
		};
		347425FA206C961200CF390E /* Frameworks */ = {
			isa = PBXFrameworksBuildPhase;
			buildActionMask = 2147483647;
			files = (
			);
			runOnlyForDeploymentPostprocessing = 0;
		};
/* End PBXFrameworksBuildPhase section */

/* Begin PBXGroup section */
		3400C4BD20700405001B3AE9 /* BaseCategory */ = {
			isa = PBXGroup;
			children = (
				3400C4BE20700405001B3AE9 /* UIView+QYPPSizes.h */,
				3400C4BF20700405001B3AE9 /* UIView+QYPPSizes.m */,
			);
			path = BaseCategory;
			sourceTree = "<group>";
		};
		3400C4C220714C3A001B3AE9 /* main */ = {
			isa = PBXGroup;
			children = (
				3400C4C320714C3A001B3AE9 /* TKMarketsCell.h */,
				3400C4C420714C3A001B3AE9 /* TKMarketsCell.m */,
				3400C4C520714C3A001B3AE9 /* TKMarketsListController.h */,
				3400C4C620714C3A001B3AE9 /* TKMarketsListController.m */,
				3400C4C720714C3A001B3AE9 /* TKMarketsModel.h */,
				3400C4C820714C3A001B3AE9 /* TKMarketsModel.m */,
				3400C4C920714C3A001B3AE9 /* TKMarketsSource.h */,
				3400C4CA20714C3A001B3AE9 /* TKMarketsSource.m */,
				3400C4D620714F9A001B3AE9 /* TKMarketsTabSource.h */,
				3400C4D720714F9A001B3AE9 /* TKMarketsTabSource.m */,
			);
			path = main;
			sourceTree = "<group>";
		};
		3400C4D220714C9E001B3AE9 /* detail */ = {
			isa = PBXGroup;
			children = (
				3400C4D320714CD7001B3AE9 /* TKMarketsDetailListController.h */,
				3400C4D420714CD7001B3AE9 /* TKMarketsDetailListController.m */,
				3400C4D92071F2F2001B3AE9 /* TKMarketsDetailMarketListSource.h */,
				3400C4DA2071F2F2001B3AE9 /* TKMarketsDetailMarketListSource.m */,
				3400C4DC2071F5DF001B3AE9 /* TKMarketsDetailMarketCell.h */,
				3400C4DD2071F5DF001B3AE9 /* TKMarketsDetailMarketCell.m */,
				3400C4DF2071FEC6001B3AE9 /* TKMarketsDetailExchangeListSource.h */,
				3400C4E02071FEC6001B3AE9 /* TKMarketsDetailExchangeListSource.m */,
				3400C4E22071FEE5001B3AE9 /* TKMarketsDetailExchangeCell.h */,
				3400C4E32071FEE5001B3AE9 /* TKMarketsDetailExchangeCell.m */,
			);
			path = detail;
			sourceTree = "<group>";
		};
		3400C4E520720669001B3AE9 /* QYPPAlertView */ = {
			isa = PBXGroup;
			children = (
				3400C4E620720669001B3AE9 /* QYPPAlertView_.h */,
				3400C4E720720669001B3AE9 /* QYPPAlertView_.m */,
			);
			path = QYPPAlertView;
			sourceTree = "<group>";
		};
		3400C4EB20727712001B3AE9 /* myspace */ = {
			isa = PBXGroup;
			children = (
				3400C4F620727817001B3AE9 /* TKMySpaceController.h */,
				3400C4F720727817001B3AE9 /* TKMySpaceController.m */,
				3400C50420739658001B3AE9 /* TKMySpaceSource.h */,
				3400C50520739658001B3AE9 /* TKMySpaceSource.m */,
				3400C50720739711001B3AE9 /* TKMySpaceModel.h */,
				3400C50820739711001B3AE9 /* TKMySpaceModel.m */,
			);
			path = myspace;
			sourceTree = "<group>";
		};
		3400C4EC20727712001B3AE9 /* timeline */ = {
			isa = PBXGroup;
			children = (
				3400C4F3207277E9001B3AE9 /* TKTimeLineNewsController.h */,
				3400C4F4207277E9001B3AE9 /* TKTimeLineNewsController.m */,
				3400C4F920728318001B3AE9 /* TKTimeLineNewsSource.h */,
				3400C4FA20728318001B3AE9 /* TKTimeLineNewsSource.m */,
				3400C4FC2072834B001B3AE9 /* TKTimeLineNewsModel.h */,
				3400C4FD2072834B001B3AE9 /* TKTimeLineNewsModel.m */,
				3400C4FF20728799001B3AE9 /* TKTimeLineNewsCell.h */,
				3400C50020728799001B3AE9 /* TKTimeLineNewsCell.m */,
			);
			path = timeline;
			sourceTree = "<group>";
		};
		347425D1206C961100CF390E = {
			isa = PBXGroup;
			children = (
				34B88CFD206E5845007DE454 /* test.html */,
				347425DC206C961100CF390E /* TokenProject */,
				347425F5206C961200CF390E /* TokenProjectTests */,
				34742600206C961200CF390E /* TokenProjectUITests */,
				347425DB206C961100CF390E /* Products */,
				375057B8078CCF22ABB8EF8A /* Pods */,
				618B9C846AF9F52EB7157898 /* Frameworks */,
			);
			sourceTree = "<group>";
		};
		347425DB206C961100CF390E /* Products */ = {
			isa = PBXGroup;
			children = (
				347425DA206C961100CF390E /* TokenProject.app */,
				347425F2206C961100CF390E /* TokenProjectTests.xctest */,
				347425FD206C961200CF390E /* TokenProjectUITests.xctest */,
			);
			name = Products;
			sourceTree = "<group>";
		};
		347425DC206C961100CF390E /* TokenProject */ = {
			isa = PBXGroup;
			children = (
				34B88C2F206D35CD007DE454 /* Base */,
				34742610206C96C900CF390E /* markets */,
				3474260F206C96C900CF390E /* news */,
				3400C4EB20727712001B3AE9 /* myspace */,
				3400C4EC20727712001B3AE9 /* timeline */,
				347425DD206C961100CF390E /* AppDelegate.h */,
				347425DE206C961100CF390E /* AppDelegate.m */,
				347425E0206C961100CF390E /* ViewController.h */,
				347425E1206C961100CF390E /* ViewController.m */,
				347425E3206C961100CF390E /* Main.storyboard */,
				347425E6206C961100CF390E /* Assets.xcassets */,
				347425E8206C961100CF390E /* LaunchScreen.storyboard */,
				347425EB206C961100CF390E /* Info.plist */,
				347425EC206C961100CF390E /* main.m */,
				34B88CE6206D44F6007DE454 /* TokenProjectPrefixHeader.pch */,
			);
			path = TokenProject;
			sourceTree = "<group>";
		};
		347425F5206C961200CF390E /* TokenProjectTests */ = {
			isa = PBXGroup;
			children = (
				347425F6206C961200CF390E /* TokenProjectTests.m */,
				347425F8206C961200CF390E /* Info.plist */,
			);
			path = TokenProjectTests;
			sourceTree = "<group>";
		};
		34742600206C961200CF390E /* TokenProjectUITests */ = {
			isa = PBXGroup;
			children = (
				34742601206C961200CF390E /* TokenProjectUITests.m */,
				34742603206C961200CF390E /* Info.plist */,
			);
			path = TokenProjectUITests;
			sourceTree = "<group>";
		};
		3474260F206C96C900CF390E /* news */ = {
			isa = PBXGroup;
			children = (
				34B88CF0206E496B007DE454 /* main */,
				34742614206C972700CF390E /* TKNewsMainController.h */,
				34742615206C972700CF390E /* TKNewsMainController.m */,
				34B88CFA206E4992007DE454 /* TKNewsDetailController.h */,
				34B88CFB206E4992007DE454 /* TKNewsDetailController.m */,
			);
			path = news;
			sourceTree = "<group>";
		};
		34742610206C96C900CF390E /* markets */ = {
			isa = PBXGroup;
			children = (
				3400C4D220714C9E001B3AE9 /* detail */,
				3400C4C220714C3A001B3AE9 /* main */,
				34742611206C970800CF390E /* TKMarketsMainController.h */,
				34742612206C970800CF390E /* TKMarketsMainController.m */,
				3400C4CF20714C6D001B3AE9 /* TKMarketsDetailController.h */,
				3400C4D020714C6D001B3AE9 /* TKMarketsDetailController.m */,
			);
			path = markets;
			sourceTree = "<group>";
		};
		34B88C2F206D35CD007DE454 /* Base */ = {
			isa = PBXGroup;
			children = (
				34B88C30206D35CD007DE454 /* Foundation */,
				34B88C73206D35CD007DE454 /* UIKit */,
			);
			path = Base;
			sourceTree = "<group>";
		};
		34B88C30206D35CD007DE454 /* Foundation */ = {
			isa = PBXGroup;
			children = (
				34B88CEF206E3515007DE454 /* BaseDefines.h */,
				34B88D0D206E921C007DE454 /* TKBaseAPI.h */,
				34B88D0E206E921C007DE454 /* TKBaseAPI.m */,
				34B88D09206E8F96007DE454 /* category */,
				34B88C31206D35CD007DE454 /* model */,
				34B88C4C206D35CD007DE454 /* network */,
			);
			path = Foundation;
			sourceTree = "<group>";
		};
		34B88C31206D35CD007DE454 /* model */ = {
			isa = PBXGroup;
			children = (
				34B88C4A206D35CD007DE454 /* TKModel.h */,
				34B88C4B206D35CD007DE454 /* TKModel.m */,
			);
			path = model;
			sourceTree = "<group>";
		};
		34B88C4C206D35CD007DE454 /* network */ = {
			isa = PBXGroup;
			children = (
				34B88C71206D35CD007DE454 /* TKRequest.h */,
				34B88C72206D35CD007DE454 /* TKRequest.m */,
			);
			path = network;
			sourceTree = "<group>";
		};
		34B88C73206D35CD007DE454 /* UIKit */ = {
			isa = PBXGroup;
			children = (
				3400C4C120700421001B3AE9 /* TKUIKit.h */,
				3400C4E520720669001B3AE9 /* QYPPAlertView */,
				3400C4BD20700405001B3AE9 /* BaseCategory */,
				34B88CFF206E85E2007DE454 /* QYPPTabBarController */,
				34B88C74206D35CD007DE454 /* QYPPCollectionView */,
				34B88C79206D35CD007DE454 /* QYPPListViewController */,
				34B88C7E206D35CD007DE454 /* QYPPTableView */,
			);
			path = UIKit;
			sourceTree = "<group>";
		};
		34B88C74206D35CD007DE454 /* QYPPCollectionView */ = {
			isa = PBXGroup;
			children = (
				34B88C75206D35CD007DE454 /* QYPPCollectionView.h */,
				34B88C76206D35CD007DE454 /* QYPPCollectionView.m */,
				34B88C77206D35CD007DE454 /* QYPPCollectionViewSource.h */,
				34B88C78206D35CD007DE454 /* QYPPCollectionViewSource.m */,
			);
			path = QYPPCollectionView;
			sourceTree = "<group>";
		};
		34B88C79206D35CD007DE454 /* QYPPListViewController */ = {
			isa = PBXGroup;
			children = (
				34B88C7A206D35CD007DE454 /* QYPPListViewController.h */,
				34B88C7B206D35CD007DE454 /* QYPPListViewController.m */,
				34B88C7C206D35CD007DE454 /* QYPPListViewSource.h */,
				34B88C7D206D35CD007DE454 /* QYPPListViewSource.m */,
			);
			path = QYPPListViewController;
			sourceTree = "<group>";
		};
		34B88C7E206D35CD007DE454 /* QYPPTableView */ = {
			isa = PBXGroup;
			children = (
				34B88C7F206D35CD007DE454 /* QYPPTableView.h */,
				34B88C80206D35CD007DE454 /* QYPPTableView.m */,
				34B88C81206D35CD007DE454 /* QYPPTableViewSource.h */,
				34B88C82206D35CD007DE454 /* QYPPTableViewSource.m */,
			);
			path = QYPPTableView;
			sourceTree = "<group>";
		};
		34B88CF0206E496B007DE454 /* main */ = {
			isa = PBXGroup;
			children = (
				34B88CF1206E496B007DE454 /* TKNewsCell.h */,
				34B88CF2206E496B007DE454 /* TKNewsCell.m */,
				34B88CF3206E496B007DE454 /* TKNewsModel.h */,
				34B88CF4206E496B007DE454 /* TKNewsModel.m */,
				34B88CF5206E496B007DE454 /* TKNewsSource.h */,
				34B88CF6206E496B007DE454 /* TKNewsSource.m */,
			);
			path = main;
			sourceTree = "<group>";
		};
		34B88CFF206E85E2007DE454 /* QYPPTabBarController */ = {
			isa = PBXGroup;
			children = (
				34B88D00206E85E2007DE454 /* QYPPBarItem.h */,
				34B88D01206E85E2007DE454 /* QYPPBarItem.m */,
				34B88D02206E85E2007DE454 /* QYPPTabBar.h */,
				34B88D03206E85E2007DE454 /* QYPPTabBar.m */,
				34B88D04206E85E2007DE454 /* QYPPTabBarController.h */,
				34B88D05206E85E2007DE454 /* QYPPTabBarController.m */,
			);
			path = QYPPTabBarController;
			sourceTree = "<group>";
		};
		34B88D09206E8F96007DE454 /* category */ = {
			isa = PBXGroup;
			children = (
				34B88D0A206E8FB4007DE454 /* NSString+TK.h */,
				34B88D0B206E8FB4007DE454 /* NSString+TK.m */,
			);
			path = category;
			sourceTree = "<group>";
		};
		375057B8078CCF22ABB8EF8A /* Pods */ = {
			isa = PBXGroup;
			children = (
				8F4F63B956D98349DCB682BE /* Pods-TokenProject.debug.xcconfig */,
				FF23640557B8536ED6196698 /* Pods-TokenProject.release.xcconfig */,
			);
			name = Pods;
			sourceTree = "<group>";
		};
		618B9C846AF9F52EB7157898 /* Frameworks */ = {
			isa = PBXGroup;
			children = (
				35A049B444AF179B09290EA7 /* libPods-TokenProject.a */,
			);
			name = Frameworks;
			sourceTree = "<group>";
		};
/* End PBXGroup section */

/* Begin PBXNativeTarget section */
		347425D9206C961100CF390E /* TokenProject */ = {
			isa = PBXNativeTarget;
			buildConfigurationList = 34742606206C961200CF390E /* Build configuration list for PBXNativeTarget "TokenProject" */;
			buildPhases = (
				3EB7A15915AD819C892A3E5B /* [CP] Check Pods Manifest.lock */,
				347425D6206C961100CF390E /* Sources */,
				347425D7206C961100CF390E /* Frameworks */,
				347425D8206C961100CF390E /* Resources */,
				E143B03408C3399F071997D6 /* [CP] Embed Pods Frameworks */,
				F9C5DE99F7C1CA00E6E9E716 /* [CP] Copy Pods Resources */,
			);
			buildRules = (
			);
			dependencies = (
			);
			name = TokenProject;
			productName = TokenProject;
			productReference = 347425DA206C961100CF390E /* TokenProject.app */;
			productType = "com.apple.product-type.application";
		};
		347425F1206C961100CF390E /* TokenProjectTests */ = {
			isa = PBXNativeTarget;
			buildConfigurationList = 34742609206C961200CF390E /* Build configuration list for PBXNativeTarget "TokenProjectTests" */;
			buildPhases = (
				347425EE206C961100CF390E /* Sources */,
				347425EF206C961100CF390E /* Frameworks */,
				347425F0206C961100CF390E /* Resources */,
			);
			buildRules = (
			);
			dependencies = (
				347425F4206C961200CF390E /* PBXTargetDependency */,
			);
			name = TokenProjectTests;
			productName = TokenProjectTests;
			productReference = 347425F2206C961100CF390E /* TokenProjectTests.xctest */;
			productType = "com.apple.product-type.bundle.unit-test";
		};
		347425FC206C961200CF390E /* TokenProjectUITests */ = {
			isa = PBXNativeTarget;
			buildConfigurationList = 3474260C206C961200CF390E /* Build configuration list for PBXNativeTarget "TokenProjectUITests" */;
			buildPhases = (
				347425F9206C961200CF390E /* Sources */,
				347425FA206C961200CF390E /* Frameworks */,
				347425FB206C961200CF390E /* Resources */,
			);
			buildRules = (
			);
			dependencies = (
				347425FF206C961200CF390E /* PBXTargetDependency */,
			);
			name = TokenProjectUITests;
			productName = TokenProjectUITests;
			productReference = 347425FD206C961200CF390E /* TokenProjectUITests.xctest */;
			productType = "com.apple.product-type.bundle.ui-testing";
		};
/* End PBXNativeTarget section */

/* Begin PBXProject section */
		347425D2206C961100CF390E /* Project object */ = {
			isa = PBXProject;
			attributes = {
				LastUpgradeCheck = 0920;
				ORGANIZATIONNAME = "刘建廷";
				TargetAttributes = {
					347425D9206C961100CF390E = {
						CreatedOnToolsVersion = 9.2;
						ProvisioningStyle = Automatic;
					};
					347425F1206C961100CF390E = {
						CreatedOnToolsVersion = 9.2;
						ProvisioningStyle = Automatic;
						TestTargetID = 347425D9206C961100CF390E;
					};
					347425FC206C961200CF390E = {
						CreatedOnToolsVersion = 9.2;
						ProvisioningStyle = Automatic;
						TestTargetID = 347425D9206C961100CF390E;
					};
				};
			};
			buildConfigurationList = 347425D5206C961100CF390E /* Build configuration list for PBXProject "TokenProject" */;
			compatibilityVersion = "Xcode 8.0";
			developmentRegion = en;
			hasScannedForEncodings = 0;
			knownRegions = (
				en,
				Base,
			);
			mainGroup = 347425D1206C961100CF390E;
			productRefGroup = 347425DB206C961100CF390E /* Products */;
			projectDirPath = "";
			projectRoot = "";
			targets = (
				347425D9206C961100CF390E /* TokenProject */,
				347425F1206C961100CF390E /* TokenProjectTests */,
				347425FC206C961200CF390E /* TokenProjectUITests */,
			);
		};
/* End PBXProject section */

/* Begin PBXResourcesBuildPhase section */
		347425D8206C961100CF390E /* Resources */ = {
			isa = PBXResourcesBuildPhase;
			buildActionMask = 2147483647;
			files = (
				34B88CFE206E5845007DE454 /* test.html in Resources */,
				347425EA206C961100CF390E /* LaunchScreen.storyboard in Resources */,
				347425E7206C961100CF390E /* Assets.xcassets in Resources */,
				347425E5206C961100CF390E /* Main.storyboard in Resources */,
			);
			runOnlyForDeploymentPostprocessing = 0;
		};
		347425F0206C961100CF390E /* Resources */ = {
			isa = PBXResourcesBuildPhase;
			buildActionMask = 2147483647;
			files = (
			);
			runOnlyForDeploymentPostprocessing = 0;
		};
		347425FB206C961200CF390E /* Resources */ = {
			isa = PBXResourcesBuildPhase;
			buildActionMask = 2147483647;
			files = (
			);
			runOnlyForDeploymentPostprocessing = 0;
		};
/* End PBXResourcesBuildPhase section */

/* Begin PBXShellScriptBuildPhase section */
		3EB7A15915AD819C892A3E5B /* [CP] Check Pods Manifest.lock */ = {
			isa = PBXShellScriptBuildPhase;
			buildActionMask = 2147483647;
			files = (
			);
			inputPaths = (
				"${PODS_PODFILE_DIR_PATH}/Podfile.lock",
				"${PODS_ROOT}/Manifest.lock",
			);
			name = "[CP] Check Pods Manifest.lock";
			outputPaths = (
				"$(DERIVED_FILE_DIR)/Pods-TokenProject-checkManifestLockResult.txt",
			);
			runOnlyForDeploymentPostprocessing = 0;
			shellPath = /bin/sh;
			shellScript = "diff \"${PODS_PODFILE_DIR_PATH}/Podfile.lock\" \"${PODS_ROOT}/Manifest.lock\" > /dev/null\nif [ $? != 0 ] ; then\n    # print error to STDERR\n    echo \"error: The sandbox is not in sync with the Podfile.lock. Run 'pod install' or update your CocoaPods installation.\" >&2\n    exit 1\nfi\n# This output is used by Xcode 'outputs' to avoid re-running this script phase.\necho \"SUCCESS\" > \"${SCRIPT_OUTPUT_FILE_0}\"\n";
			showEnvVarsInLog = 0;
		};
		E143B03408C3399F071997D6 /* [CP] Embed Pods Frameworks */ = {
			isa = PBXShellScriptBuildPhase;
			buildActionMask = 2147483647;
			files = (
			);
			inputPaths = (
			);
			name = "[CP] Embed Pods Frameworks";
			outputPaths = (
			);
			runOnlyForDeploymentPostprocessing = 0;
			shellPath = /bin/sh;
			shellScript = "\"${SRCROOT}/Pods/Target Support Files/Pods-TokenProject/Pods-TokenProject-frameworks.sh\"\n";
			showEnvVarsInLog = 0;
		};
		F9C5DE99F7C1CA00E6E9E716 /* [CP] Copy Pods Resources */ = {
			isa = PBXShellScriptBuildPhase;
			buildActionMask = 2147483647;
			files = (
			);
			inputPaths = (
				"${SRCROOT}/Pods/Target Support Files/Pods-TokenProject/Pods-TokenProject-resources.sh",
				"${PODS_ROOT}/MJRefresh/MJRefresh/MJRefresh.bundle",
			);
			name = "[CP] Copy Pods Resources";
			outputPaths = (
				"${TARGET_BUILD_DIR}/${UNLOCALIZED_RESOURCES_FOLDER_PATH}",
			);
			runOnlyForDeploymentPostprocessing = 0;
			shellPath = /bin/sh;
			shellScript = "\"${SRCROOT}/Pods/Target Support Files/Pods-TokenProject/Pods-TokenProject-resources.sh\"\n";
			showEnvVarsInLog = 0;
		};
/* End PBXShellScriptBuildPhase section */

/* Begin PBXSourcesBuildPhase section */
		347425D6206C961100CF390E /* Sources */ = {
			isa = PBXSourcesBuildPhase;
			buildActionMask = 2147483647;
			files = (
				34B88CA1206D35CD007DE454 /* QYPPTableView.m in Sources */,
				34B88D0C206E8FB4007DE454 /* NSString+TK.m in Sources */,
				34B88CFC206E4992007DE454 /* TKNewsDetailController.m in Sources */,
				3400C4FB20728318001B3AE9 /* TKTimeLineNewsSource.m in Sources */,
				3400C4DE2071F5DF001B3AE9 /* TKMarketsDetailMarketCell.m in Sources */,
				34B88C9D206D35CD007DE454 /* QYPPCollectionView.m in Sources */,
				3400C4CC20714C3A001B3AE9 /* TKMarketsListController.m in Sources */,
				3400C4DB2071F2F2001B3AE9 /* TKMarketsDetailMarketListSource.m in Sources */,
				34B88C8C206D35CD007DE454 /* TKModel.m in Sources */,
				3400C50920739711001B3AE9 /* TKMySpaceModel.m in Sources */,
				34B88D07206E85E2007DE454 /* QYPPTabBar.m in Sources */,
				34B88CA2206D35CD007DE454 /* QYPPTableViewSource.m in Sources */,
				34B88CF9206E496B007DE454 /* TKNewsSource.m in Sources */,
				3400C4CB20714C3A001B3AE9 /* TKMarketsCell.m in Sources */,
				34B88D0F206E921C007DE454 /* TKBaseAPI.m in Sources */,
				34B88CF8206E496B007DE454 /* TKNewsModel.m in Sources */,
				3400C4CD20714C3A001B3AE9 /* TKMarketsModel.m in Sources */,
				34742616206C972700CF390E /* TKNewsMainController.m in Sources */,
				34B88C9E206D35CD007DE454 /* QYPPCollectionViewSource.m in Sources */,
				3400C50120728799001B3AE9 /* TKTimeLineNewsCell.m in Sources */,
				3400C50620739658001B3AE9 /* TKMySpaceSource.m in Sources */,
				3400C4D520714CD7001B3AE9 /* TKMarketsDetailListController.m in Sources */,
				3400C4FE2072834B001B3AE9 /* TKTimeLineNewsModel.m in Sources */,
				347425E2206C961100CF390E /* ViewController.m in Sources */,
				34B88C9C206D35CD007DE454 /* TKRequest.m in Sources */,
				34B88CA0206D35CD007DE454 /* QYPPListViewSource.m in Sources */,
				347425ED206C961100CF390E /* main.m in Sources */,
				3400C4E42071FEE5001B3AE9 /* TKMarketsDetailExchangeCell.m in Sources */,
				347425DF206C961100CF390E /* AppDelegate.m in Sources */,
				3400C4F5207277E9001B3AE9 /* TKTimeLineNewsController.m in Sources */,
				3400C4F820727817001B3AE9 /* TKMySpaceController.m in Sources */,
				3400C4C020700405001B3AE9 /* UIView+QYPPSizes.m in Sources */,
				3400C4E820720669001B3AE9 /* QYPPAlertView_.m in Sources */,
				34B88C9F206D35CD007DE454 /* QYPPListViewController.m in Sources */,
				34B88D08206E85E2007DE454 /* QYPPTabBarController.m in Sources */,
				3400C4D120714C6D001B3AE9 /* TKMarketsDetailController.m in Sources */,
				3400C4E12071FEC6001B3AE9 /* TKMarketsDetailExchangeListSource.m in Sources */,
				3400C4D820714F9A001B3AE9 /* TKMarketsTabSource.m in Sources */,
				34742613206C970800CF390E /* TKMarketsMainController.m in Sources */,
				3400C4CE20714C3A001B3AE9 /* TKMarketsSource.m in Sources */,
				34B88D06206E85E2007DE454 /* QYPPBarItem.m in Sources */,
				34B88CF7206E496B007DE454 /* TKNewsCell.m in Sources */,
			);
			runOnlyForDeploymentPostprocessing = 0;
		};
		347425EE206C961100CF390E /* Sources */ = {
			isa = PBXSourcesBuildPhase;
			buildActionMask = 2147483647;
			files = (
				347425F7206C961200CF390E /* TokenProjectTests.m in Sources */,
			);
			runOnlyForDeploymentPostprocessing = 0;
		};
		347425F9206C961200CF390E /* Sources */ = {
			isa = PBXSourcesBuildPhase;
			buildActionMask = 2147483647;
			files = (
				34742602206C961200CF390E /* TokenProjectUITests.m in Sources */,
			);
			runOnlyForDeploymentPostprocessing = 0;
		};
/* End PBXSourcesBuildPhase section */

/* Begin PBXTargetDependency section */
		347425F4206C961200CF390E /* PBXTargetDependency */ = {
			isa = PBXTargetDependency;
			target = 347425D9206C961100CF390E /* TokenProject */;
			targetProxy = 347425F3206C961200CF390E /* PBXContainerItemProxy */;
		};
		347425FF206C961200CF390E /* PBXTargetDependency */ = {
			isa = PBXTargetDependency;
			target = 347425D9206C961100CF390E /* TokenProject */;
			targetProxy = 347425FE206C961200CF390E /* PBXContainerItemProxy */;
		};
/* End PBXTargetDependency section */

/* Begin PBXVariantGroup section */
		347425E3206C961100CF390E /* Main.storyboard */ = {
			isa = PBXVariantGroup;
			children = (
				347425E4206C961100CF390E /* Base */,
			);
			name = Main.storyboard;
			sourceTree = "<group>";
		};
		347425E8206C961100CF390E /* LaunchScreen.storyboard */ = {
			isa = PBXVariantGroup;
			children = (
				347425E9206C961100CF390E /* Base */,
			);
			name = LaunchScreen.storyboard;
			sourceTree = "<group>";
		};
/* End PBXVariantGroup section */

/* Begin XCBuildConfiguration section */
		34742604206C961200CF390E /* Debug */ = {
			isa = XCBuildConfiguration;
			buildSettings = {
				ALWAYS_SEARCH_USER_PATHS = NO;
				CLANG_ANALYZER_NONNULL = YES;
				CLANG_ANALYZER_NUMBER_OBJECT_CONVERSION = YES_AGGRESSIVE;
				CLANG_CXX_LANGUAGE_STANDARD = "gnu++14";
				CLANG_CXX_LIBRARY = "libc++";
				CLANG_ENABLE_MODULES = YES;
				CLANG_ENABLE_OBJC_ARC = YES;
				CLANG_WARN_BLOCK_CAPTURE_AUTORELEASING = YES;
				CLANG_WARN_BOOL_CONVERSION = YES;
				CLANG_WARN_COMMA = YES;
				CLANG_WARN_CONSTANT_CONVERSION = YES;
				CLANG_WARN_DIRECT_OBJC_ISA_USAGE = YES_ERROR;
				CLANG_WARN_DOCUMENTATION_COMMENTS = YES;
				CLANG_WARN_EMPTY_BODY = YES;
				CLANG_WARN_ENUM_CONVERSION = YES;
				CLANG_WARN_INFINITE_RECURSION = YES;
				CLANG_WARN_INT_CONVERSION = YES;
				CLANG_WARN_NON_LITERAL_NULL_CONVERSION = YES;
				CLANG_WARN_OBJC_LITERAL_CONVERSION = YES;
				CLANG_WARN_OBJC_ROOT_CLASS = YES_ERROR;
				CLANG_WARN_RANGE_LOOP_ANALYSIS = YES;
				CLANG_WARN_STRICT_PROTOTYPES = YES;
				CLANG_WARN_SUSPICIOUS_MOVE = YES;
				CLANG_WARN_UNGUARDED_AVAILABILITY = YES_AGGRESSIVE;
				CLANG_WARN_UNREACHABLE_CODE = YES;
				CLANG_WARN__DUPLICATE_METHOD_MATCH = YES;
				CODE_SIGN_IDENTITY = "iPhone Developer";
				COPY_PHASE_STRIP = NO;
				DEBUG_INFORMATION_FORMAT = dwarf;
				ENABLE_STRICT_OBJC_MSGSEND = YES;
				ENABLE_TESTABILITY = YES;
				GCC_C_LANGUAGE_STANDARD = gnu11;
				GCC_DYNAMIC_NO_PIC = NO;
				GCC_NO_COMMON_BLOCKS = YES;
				GCC_OPTIMIZATION_LEVEL = 0;
				GCC_PREPROCESSOR_DEFINITIONS = (
					"DEBUG=1",
					"$(inherited)",
				);
				GCC_WARN_64_TO_32_BIT_CONVERSION = YES;
				GCC_WARN_ABOUT_RETURN_TYPE = YES_ERROR;
				GCC_WARN_UNDECLARED_SELECTOR = YES;
				GCC_WARN_UNINITIALIZED_AUTOS = YES_AGGRESSIVE;
				GCC_WARN_UNUSED_FUNCTION = YES;
				GCC_WARN_UNUSED_VARIABLE = YES;
				IPHONEOS_DEPLOYMENT_TARGET = 11.2;
				MTL_ENABLE_DEBUG_INFO = YES;
				ONLY_ACTIVE_ARCH = YES;
				SDKROOT = iphoneos;
			};
			name = Debug;
		};
		34742605206C961200CF390E /* Release */ = {
			isa = XCBuildConfiguration;
			buildSettings = {
				ALWAYS_SEARCH_USER_PATHS = NO;
				CLANG_ANALYZER_NONNULL = YES;
				CLANG_ANALYZER_NUMBER_OBJECT_CONVERSION = YES_AGGRESSIVE;
				CLANG_CXX_LANGUAGE_STANDARD = "gnu++14";
				CLANG_CXX_LIBRARY = "libc++";
				CLANG_ENABLE_MODULES = YES;
				CLANG_ENABLE_OBJC_ARC = YES;
				CLANG_WARN_BLOCK_CAPTURE_AUTORELEASING = YES;
				CLANG_WARN_BOOL_CONVERSION = YES;
				CLANG_WARN_COMMA = YES;
				CLANG_WARN_CONSTANT_CONVERSION = YES;
				CLANG_WARN_DIRECT_OBJC_ISA_USAGE = YES_ERROR;
				CLANG_WARN_DOCUMENTATION_COMMENTS = YES;
				CLANG_WARN_EMPTY_BODY = YES;
				CLANG_WARN_ENUM_CONVERSION = YES;
				CLANG_WARN_INFINITE_RECURSION = YES;
				CLANG_WARN_INT_CONVERSION = YES;
				CLANG_WARN_NON_LITERAL_NULL_CONVERSION = YES;
				CLANG_WARN_OBJC_LITERAL_CONVERSION = YES;
				CLANG_WARN_OBJC_ROOT_CLASS = YES_ERROR;
				CLANG_WARN_RANGE_LOOP_ANALYSIS = YES;
				CLANG_WARN_STRICT_PROTOTYPES = YES;
				CLANG_WARN_SUSPICIOUS_MOVE = YES;
				CLANG_WARN_UNGUARDED_AVAILABILITY = YES_AGGRESSIVE;
				CLANG_WARN_UNREACHABLE_CODE = YES;
				CLANG_WARN__DUPLICATE_METHOD_MATCH = YES;
				CODE_SIGN_IDENTITY = "iPhone Developer";
				COPY_PHASE_STRIP = NO;
				DEBUG_INFORMATION_FORMAT = "dwarf-with-dsym";
				ENABLE_NS_ASSERTIONS = NO;
				ENABLE_STRICT_OBJC_MSGSEND = YES;
				GCC_C_LANGUAGE_STANDARD = gnu11;
				GCC_NO_COMMON_BLOCKS = YES;
				GCC_WARN_64_TO_32_BIT_CONVERSION = YES;
				GCC_WARN_ABOUT_RETURN_TYPE = YES_ERROR;
				GCC_WARN_UNDECLARED_SELECTOR = YES;
				GCC_WARN_UNINITIALIZED_AUTOS = YES_AGGRESSIVE;
				GCC_WARN_UNUSED_FUNCTION = YES;
				GCC_WARN_UNUSED_VARIABLE = YES;
				IPHONEOS_DEPLOYMENT_TARGET = 11.2;
				MTL_ENABLE_DEBUG_INFO = NO;
				SDKROOT = iphoneos;
				VALIDATE_PRODUCT = YES;
			};
			name = Release;
		};
		34742607206C961200CF390E /* Debug */ = {
			isa = XCBuildConfiguration;
			baseConfigurationReference = 8F4F63B956D98349DCB682BE /* Pods-TokenProject.debug.xcconfig */;
			buildSettings = {
				ASSETCATALOG_COMPILER_APPICON_NAME = AppIcon;
				CODE_SIGN_STYLE = Automatic;
				DEVELOPMENT_TEAM = 2D366TPZ8S;
				GCC_PRECOMPILE_PREFIX_HEADER = YES;
				GCC_PREFIX_HEADER = TokenProject/TokenProjectPrefixHeader.pch;
				INFOPLIST_FILE = TokenProject/Info.plist;
				LD_RUNPATH_SEARCH_PATHS = "$(inherited) @executable_path/Frameworks";
				PRODUCT_BUNDLE_IDENTIFIER = com.jianting.TokenProject;
				PRODUCT_NAME = "$(TARGET_NAME)";
				TARGETED_DEVICE_FAMILY = "1,2";
				dd = "";
			};
			name = Debug;
		};
		34742608206C961200CF390E /* Release */ = {
			isa = XCBuildConfiguration;
			baseConfigurationReference = FF23640557B8536ED6196698 /* Pods-TokenProject.release.xcconfig */;
			buildSettings = {
				ASSETCATALOG_COMPILER_APPICON_NAME = AppIcon;
				CODE_SIGN_STYLE = Automatic;
				DEVELOPMENT_TEAM = 2D366TPZ8S;
				GCC_PRECOMPILE_PREFIX_HEADER = YES;
				GCC_PREFIX_HEADER = TokenProject/TokenProjectPrefixHeader.pch;
				INFOPLIST_FILE = TokenProject/Info.plist;
				LD_RUNPATH_SEARCH_PATHS = "$(inherited) @executable_path/Frameworks";
				PRODUCT_BUNDLE_IDENTIFIER = com.jianting.TokenProject;
				PRODUCT_NAME = "$(TARGET_NAME)";
				TARGETED_DEVICE_FAMILY = "1,2";
				dd = "";
			};
			name = Release;
		};
		3474260A206C961200CF390E /* Debug */ = {
			isa = XCBuildConfiguration;
			buildSettings = {
				BUNDLE_LOADER = "$(TEST_HOST)";
				CODE_SIGN_STYLE = Automatic;
				DEVELOPMENT_TEAM = 2D366TPZ8S;
				INFOPLIST_FILE = TokenProjectTests/Info.plist;
				LD_RUNPATH_SEARCH_PATHS = "$(inherited) @executable_path/Frameworks @loader_path/Frameworks";
				PRODUCT_BUNDLE_IDENTIFIER = com.jianting.TokenProjectTests;
				PRODUCT_NAME = "$(TARGET_NAME)";
				TARGETED_DEVICE_FAMILY = "1,2";
				TEST_HOST = "$(BUILT_PRODUCTS_DIR)/TokenProject.app/TokenProject";
			};
			name = Debug;
		};
		3474260B206C961200CF390E /* Release */ = {
			isa = XCBuildConfiguration;
			buildSettings = {
				BUNDLE_LOADER = "$(TEST_HOST)";
				CODE_SIGN_STYLE = Automatic;
				DEVELOPMENT_TEAM = 2D366TPZ8S;
				INFOPLIST_FILE = TokenProjectTests/Info.plist;
				LD_RUNPATH_SEARCH_PATHS = "$(inherited) @executable_path/Frameworks @loader_path/Frameworks";
				PRODUCT_BUNDLE_IDENTIFIER = com.jianting.TokenProjectTests;
				PRODUCT_NAME = "$(TARGET_NAME)";
				TARGETED_DEVICE_FAMILY = "1,2";
				TEST_HOST = "$(BUILT_PRODUCTS_DIR)/TokenProject.app/TokenProject";
			};
			name = Release;
		};
		3474260D206C961200CF390E /* Debug */ = {
			isa = XCBuildConfiguration;
			buildSettings = {
				CODE_SIGN_STYLE = Automatic;
				DEVELOPMENT_TEAM = 2D366TPZ8S;
				INFOPLIST_FILE = TokenProjectUITests/Info.plist;
				LD_RUNPATH_SEARCH_PATHS = "$(inherited) @executable_path/Frameworks @loader_path/Frameworks";
				PRODUCT_BUNDLE_IDENTIFIER = com.jianting.TokenProjectUITests;
				PRODUCT_NAME = "$(TARGET_NAME)";
				TARGETED_DEVICE_FAMILY = "1,2";
				TEST_TARGET_NAME = TokenProject;
			};
			name = Debug;
		};
		3474260E206C961200CF390E /* Release */ = {
			isa = XCBuildConfiguration;
			buildSettings = {
				CODE_SIGN_STYLE = Automatic;
				DEVELOPMENT_TEAM = 2D366TPZ8S;
				INFOPLIST_FILE = TokenProjectUITests/Info.plist;
				LD_RUNPATH_SEARCH_PATHS = "$(inherited) @executable_path/Frameworks @loader_path/Frameworks";
				PRODUCT_BUNDLE_IDENTIFIER = com.jianting.TokenProjectUITests;
				PRODUCT_NAME = "$(TARGET_NAME)";
				TARGETED_DEVICE_FAMILY = "1,2";
				TEST_TARGET_NAME = TokenProject;
			};
			name = Release;
		};
/* End XCBuildConfiguration section */

/* Begin XCConfigurationList section */
		347425D5206C961100CF390E /* Build configuration list for PBXProject "TokenProject" */ = {
			isa = XCConfigurationList;
			buildConfigurations = (
				34742604206C961200CF390E /* Debug */,
				34742605206C961200CF390E /* Release */,
			);
			defaultConfigurationIsVisible = 0;
			defaultConfigurationName = Release;
		};
		34742606206C961200CF390E /* Build configuration list for PBXNativeTarget "TokenProject" */ = {
			isa = XCConfigurationList;
			buildConfigurations = (
				34742607206C961200CF390E /* Debug */,
				34742608206C961200CF390E /* Release */,
			);
			defaultConfigurationIsVisible = 0;
			defaultConfigurationName = Release;
		};
		34742609206C961200CF390E /* Build configuration list for PBXNativeTarget "TokenProjectTests" */ = {
			isa = XCConfigurationList;
			buildConfigurations = (
				3474260A206C961200CF390E /* Debug */,
				3474260B206C961200CF390E /* Release */,
			);
			defaultConfigurationIsVisible = 0;
			defaultConfigurationName = Release;
		};
		3474260C206C961200CF390E /* Build configuration list for PBXNativeTarget "TokenProjectUITests" */ = {
			isa = XCConfigurationList;
			buildConfigurations = (
				3474260D206C961200CF390E /* Debug */,
				3474260E206C961200CF390E /* Release */,
			);
			defaultConfigurationIsVisible = 0;
			defaultConfigurationName = Release;
		};
/* End XCConfigurationList section */
	};
	rootObject = 347425D2206C961100CF390E /* Project object */;
}
