// !$*UTF8*$!
{
	archiveVersion = 1;
	classes = {
	};
	objectVersion = 48;
	objects = {

/* Begin PBXBuildFile section */
		347425DF206C961100CF390E /* AppDelegate.m in Sources */ = {isa = PBXBuildFile; fileRef = 347425DE206C961100CF390E /* AppDelegate.m */; };
		347425E2206C961100CF390E /* ViewController.m in Sources */ = {isa = PBXBuildFile; fileRef = 347425E1206C961100CF390E /* ViewController.m */; };
		347425E5206C961100CF390E /* Main.storyboard in Resources */ = {isa = PBXBuildFile; fileRef = 347425E3206C961100CF390E /* Main.storyboard */; };
		347425E7206C961100CF390E /* Assets.xcassets in Resources */ = {isa = PBXBuildFile; fileRef = 347425E6206C961100CF390E /* Assets.xcassets */; };
		347425EA206C961100CF390E /* LaunchScreen.storyboard in Resources */ = {isa = PBXBuildFile; fileRef = 347425E8206C961100CF390E /* LaunchScreen.storyboard */; };
		347425ED206C961100CF390E /* main.m in Sources */ = {isa = PBXBuildFile; fileRef = 347425EC206C961100CF390E /* main.m */; };
		347425F7206C961200CF390E /* TokenProjectTests.m in Sources */ = {isa = PBXBuildFile; fileRef = 347425F6206C961200CF390E /* TokenProjectTests.m */; };
		34742602206C961200CF390E /* TokenProjectUITests.m in Sources */ = {isa = PBXBuildFile; fileRef = 34742601206C961200CF390E /* TokenProjectUITests.m */; };
		34742613206C970800CF390E /* TKMarketsMainController.m in Sources */ = {isa = PBXBuildFile; fileRef = 34742612206C970800CF390E /* TKMarketsMainController.m */; };
		34742616206C972700CF390E /* TKNewsMainController.m in Sources */ = {isa = PBXBuildFile; fileRef = 34742615206C972700CF390E /* TKNewsMainController.m */; };
		3474263C206CA29500CF390E /* AFHTTPSessionManager.m in Sources */ = {isa = PBXBuildFile; fileRef = 3474261B206CA29500CF390E /* AFHTTPSessionManager.m */; };
		3474263D206CA29500CF390E /* AFNetworkReachabilityManager.m in Sources */ = {isa = PBXBuildFile; fileRef = 3474261E206CA29500CF390E /* AFNetworkReachabilityManager.m */; };
		3474263E206CA29500CF390E /* AFSecurityPolicy.m in Sources */ = {isa = PBXBuildFile; fileRef = 34742620206CA29500CF390E /* AFSecurityPolicy.m */; };
		3474263F206CA29500CF390E /* AFURLRequestSerialization.m in Sources */ = {isa = PBXBuildFile; fileRef = 34742622206CA29500CF390E /* AFURLRequestSerialization.m */; };
		34742640206CA29500CF390E /* AFURLResponseSerialization.m in Sources */ = {isa = PBXBuildFile; fileRef = 34742624206CA29500CF390E /* AFURLResponseSerialization.m */; };
		34742641206CA29500CF390E /* AFURLSessionManager.m in Sources */ = {isa = PBXBuildFile; fileRef = 34742626206CA29500CF390E /* AFURLSessionManager.m */; };
		34742642206CA29500CF390E /* AFAutoPurgingImageCache.m in Sources */ = {isa = PBXBuildFile; fileRef = 34742629206CA29500CF390E /* AFAutoPurgingImageCache.m */; };
		34742643206CA29500CF390E /* AFImageDownloader.m in Sources */ = {isa = PBXBuildFile; fileRef = 3474262B206CA29500CF390E /* AFImageDownloader.m */; };
		34742644206CA29500CF390E /* AFNetworkActivityIndicatorManager.m in Sources */ = {isa = PBXBuildFile; fileRef = 3474262D206CA29500CF390E /* AFNetworkActivityIndicatorManager.m */; };
		34742645206CA29500CF390E /* UIActivityIndicatorView+AFNetworking.m in Sources */ = {isa = PBXBuildFile; fileRef = 3474262F206CA29500CF390E /* UIActivityIndicatorView+AFNetworking.m */; };
		34742646206CA29500CF390E /* UIButton+AFNetworking.m in Sources */ = {isa = PBXBuildFile; fileRef = 34742631206CA29500CF390E /* UIButton+AFNetworking.m */; };
		34742647206CA29500CF390E /* UIImageView+AFNetworking.m in Sources */ = {isa = PBXBuildFile; fileRef = 34742634206CA29500CF390E /* UIImageView+AFNetworking.m */; };
		34742648206CA29500CF390E /* UIProgressView+AFNetworking.m in Sources */ = {isa = PBXBuildFile; fileRef = 34742637206CA29500CF390E /* UIProgressView+AFNetworking.m */; };
		34742649206CA29500CF390E /* UIRefreshControl+AFNetworking.m in Sources */ = {isa = PBXBuildFile; fileRef = 34742639206CA29500CF390E /* UIRefreshControl+AFNetworking.m */; };
		3474264A206CA29500CF390E /* UIWebView+AFNetworking.m in Sources */ = {isa = PBXBuildFile; fileRef = 3474263B206CA29500CF390E /* UIWebView+AFNetworking.m */; };
		34742664206CA7D000CF390E /* Info.plist in Resources */ = {isa = PBXBuildFile; fileRef = 3474264E206CA7D000CF390E /* Info.plist */; };
		34742665206CA7D000CF390E /* JSONModel.m in Sources */ = {isa = PBXBuildFile; fileRef = 34742651206CA7D000CF390E /* JSONModel.m */; };
		34742666206CA7D000CF390E /* JSONModelClassProperty.m in Sources */ = {isa = PBXBuildFile; fileRef = 34742653206CA7D000CF390E /* JSONModelClassProperty.m */; };
		34742667206CA7D000CF390E /* JSONModelError.m in Sources */ = {isa = PBXBuildFile; fileRef = 34742655206CA7D000CF390E /* JSONModelError.m */; };
		34742668206CA7D000CF390E /* JSONAPI.m in Sources */ = {isa = PBXBuildFile; fileRef = 3474265A206CA7D000CF390E /* JSONAPI.m */; };
		34742669206CA7D000CF390E /* JSONHTTPClient.m in Sources */ = {isa = PBXBuildFile; fileRef = 3474265C206CA7D000CF390E /* JSONHTTPClient.m */; };
		3474266A206CA7D000CF390E /* JSONModel+networking.m in Sources */ = {isa = PBXBuildFile; fileRef = 3474265E206CA7D000CF390E /* JSONModel+networking.m */; };
		3474266B206CA7D000CF390E /* JSONKeyMapper.m in Sources */ = {isa = PBXBuildFile; fileRef = 34742661206CA7D000CF390E /* JSONKeyMapper.m */; };
		3474266C206CA7D000CF390E /* JSONValueTransformer.m in Sources */ = {isa = PBXBuildFile; fileRef = 34742663206CA7D000CF390E /* JSONValueTransformer.m */; };
		3474266F206CCDD700CF390E /* TKRequest.m in Sources */ = {isa = PBXBuildFile; fileRef = 3474266E206CCDD700CF390E /* TKRequest.m */; };
		34B88C1C206CF4AA007DE454 /* TKModel.m in Sources */ = {isa = PBXBuildFile; fileRef = 34B88C1B206CF4AA007DE454 /* TKModel.m */; };
		34B88C1F206CF501007DE454 /* TKMarketsModel.m in Sources */ = {isa = PBXBuildFile; fileRef = 34B88C1E206CF501007DE454 /* TKMarketsModel.m */; };
		34B88C22206CF556007DE454 /* TKNewsModel.m in Sources */ = {isa = PBXBuildFile; fileRef = 34B88C21206CF556007DE454 /* TKNewsModel.m */; };
/* End PBXBuildFile section */

/* Begin PBXContainerItemProxy section */
		347425F3206C961200CF390E /* PBXContainerItemProxy */ = {
			isa = PBXContainerItemProxy;
			containerPortal = 347425D2206C961100CF390E /* Project object */;
			proxyType = 1;
			remoteGlobalIDString = 347425D9206C961100CF390E;
			remoteInfo = TokenProject;
		};
		347425FE206C961200CF390E /* PBXContainerItemProxy */ = {
			isa = PBXContainerItemProxy;
			containerPortal = 347425D2206C961100CF390E /* Project object */;
			proxyType = 1;
			remoteGlobalIDString = 347425D9206C961100CF390E;
			remoteInfo = TokenProject;
		};
/* End PBXContainerItemProxy section */

/* Begin PBXFileReference section */
		347425DA206C961100CF390E /* TokenProject.app */ = {isa = PBXFileReference; explicitFileType = wrapper.application; includeInIndex = 0; path = TokenProject.app; sourceTree = BUILT_PRODUCTS_DIR; };
		347425DD206C961100CF390E /* AppDelegate.h */ = {isa = PBXFileReference; lastKnownFileType = sourcecode.c.h; path = AppDelegate.h; sourceTree = "<group>"; };
		347425DE206C961100CF390E /* AppDelegate.m */ = {isa = PBXFileReference; lastKnownFileType = sourcecode.c.objc; path = AppDelegate.m; sourceTree = "<group>"; };
		347425E0206C961100CF390E /* ViewController.h */ = {isa = PBXFileReference; lastKnownFileType = sourcecode.c.h; path = ViewController.h; sourceTree = "<group>"; };
		347425E1206C961100CF390E /* ViewController.m */ = {isa = PBXFileReference; lastKnownFileType = sourcecode.c.objc; path = ViewController.m; sourceTree = "<group>"; };
		347425E4206C961100CF390E /* Base */ = {isa = PBXFileReference; lastKnownFileType = file.storyboard; name = Base; path = Base.lproj/Main.storyboard; sourceTree = "<group>"; };
		347425E6206C961100CF390E /* Assets.xcassets */ = {isa = PBXFileReference; lastKnownFileType = folder.assetcatalog; path = Assets.xcassets; sourceTree = "<group>"; };
		347425E9206C961100CF390E /* Base */ = {isa = PBXFileReference; lastKnownFileType = file.storyboard; name = Base; path = Base.lproj/LaunchScreen.storyboard; sourceTree = "<group>"; };
		347425EB206C961100CF390E /* Info.plist */ = {isa = PBXFileReference; lastKnownFileType = text.plist.xml; path = Info.plist; sourceTree = "<group>"; };
		347425EC206C961100CF390E /* main.m */ = {isa = PBXFileReference; lastKnownFileType = sourcecode.c.objc; path = main.m; sourceTree = "<group>"; };
		347425F2206C961100CF390E /* TokenProjectTests.xctest */ = {isa = PBXFileReference; explicitFileType = wrapper.cfbundle; includeInIndex = 0; path = TokenProjectTests.xctest; sourceTree = BUILT_PRODUCTS_DIR; };
		347425F6206C961200CF390E /* TokenProjectTests.m */ = {isa = PBXFileReference; lastKnownFileType = sourcecode.c.objc; path = TokenProjectTests.m; sourceTree = "<group>"; };
		347425F8206C961200CF390E /* Info.plist */ = {isa = PBXFileReference; lastKnownFileType = text.plist.xml; path = Info.plist; sourceTree = "<group>"; };
		347425FD206C961200CF390E /* TokenProjectUITests.xctest */ = {isa = PBXFileReference; explicitFileType = wrapper.cfbundle; includeInIndex = 0; path = TokenProjectUITests.xctest; sourceTree = BUILT_PRODUCTS_DIR; };
		34742601206C961200CF390E /* TokenProjectUITests.m */ = {isa = PBXFileReference; lastKnownFileType = sourcecode.c.objc; path = TokenProjectUITests.m; sourceTree = "<group>"; };
		34742603206C961200CF390E /* Info.plist */ = {isa = PBXFileReference; lastKnownFileType = text.plist.xml; path = Info.plist; sourceTree = "<group>"; };
		34742611206C970800CF390E /* TKMarketsMainController.h */ = {isa = PBXFileReference; lastKnownFileType = sourcecode.c.h; path = TKMarketsMainController.h; sourceTree = "<group>"; };
		34742612206C970800CF390E /* TKMarketsMainController.m */ = {isa = PBXFileReference; lastKnownFileType = sourcecode.c.objc; path = TKMarketsMainController.m; sourceTree = "<group>"; };
		34742614206C972700CF390E /* TKNewsMainController.h */ = {isa = PBXFileReference; lastKnownFileType = sourcecode.c.h; path = TKNewsMainController.h; sourceTree = "<group>"; };
		34742615206C972700CF390E /* TKNewsMainController.m */ = {isa = PBXFileReference; lastKnownFileType = sourcecode.c.objc; path = TKNewsMainController.m; sourceTree = "<group>"; };
		3474261A206CA29500CF390E /* AFHTTPSessionManager.h */ = {isa = PBXFileReference; fileEncoding = 4; lastKnownFileType = sourcecode.c.h; path = AFHTTPSessionManager.h; sourceTree = "<group>"; };
		3474261B206CA29500CF390E /* AFHTTPSessionManager.m */ = {isa = PBXFileReference; fileEncoding = 4; lastKnownFileType = sourcecode.c.objc; path = AFHTTPSessionManager.m; sourceTree = "<group>"; };
		3474261C206CA29500CF390E /* AFNetworking.h */ = {isa = PBXFileReference; fileEncoding = 4; lastKnownFileType = sourcecode.c.h; path = AFNetworking.h; sourceTree = "<group>"; };
		3474261D206CA29500CF390E /* AFNetworkReachabilityManager.h */ = {isa = PBXFileReference; fileEncoding = 4; lastKnownFileType = sourcecode.c.h; path = AFNetworkReachabilityManager.h; sourceTree = "<group>"; };
		3474261E206CA29500CF390E /* AFNetworkReachabilityManager.m */ = {isa = PBXFileReference; fileEncoding = 4; lastKnownFileType = sourcecode.c.objc; path = AFNetworkReachabilityManager.m; sourceTree = "<group>"; };
		3474261F206CA29500CF390E /* AFSecurityPolicy.h */ = {isa = PBXFileReference; fileEncoding = 4; lastKnownFileType = sourcecode.c.h; path = AFSecurityPolicy.h; sourceTree = "<group>"; };
		34742620206CA29500CF390E /* AFSecurityPolicy.m */ = {isa = PBXFileReference; fileEncoding = 4; lastKnownFileType = sourcecode.c.objc; path = AFSecurityPolicy.m; sourceTree = "<group>"; };
		34742621206CA29500CF390E /* AFURLRequestSerialization.h */ = {isa = PBXFileReference; fileEncoding = 4; lastKnownFileType = sourcecode.c.h; path = AFURLRequestSerialization.h; sourceTree = "<group>"; };
		34742622206CA29500CF390E /* AFURLRequestSerialization.m */ = {isa = PBXFileReference; fileEncoding = 4; lastKnownFileType = sourcecode.c.objc; path = AFURLRequestSerialization.m; sourceTree = "<group>"; };
		34742623206CA29500CF390E /* AFURLResponseSerialization.h */ = {isa = PBXFileReference; fileEncoding = 4; lastKnownFileType = sourcecode.c.h; path = AFURLResponseSerialization.h; sourceTree = "<group>"; };
		34742624206CA29500CF390E /* AFURLResponseSerialization.m */ = {isa = PBXFileReference; fileEncoding = 4; lastKnownFileType = sourcecode.c.objc; path = AFURLResponseSerialization.m; sourceTree = "<group>"; };
		34742625206CA29500CF390E /* AFURLSessionManager.h */ = {isa = PBXFileReference; fileEncoding = 4; lastKnownFileType = sourcecode.c.h; path = AFURLSessionManager.h; sourceTree = "<group>"; };
		34742626206CA29500CF390E /* AFURLSessionManager.m */ = {isa = PBXFileReference; fileEncoding = 4; lastKnownFileType = sourcecode.c.objc; path = AFURLSessionManager.m; sourceTree = "<group>"; };
		34742628206CA29500CF390E /* AFAutoPurgingImageCache.h */ = {isa = PBXFileReference; fileEncoding = 4; lastKnownFileType = sourcecode.c.h; path = AFAutoPurgingImageCache.h; sourceTree = "<group>"; };
		34742629206CA29500CF390E /* AFAutoPurgingImageCache.m */ = {isa = PBXFileReference; fileEncoding = 4; lastKnownFileType = sourcecode.c.objc; path = AFAutoPurgingImageCache.m; sourceTree = "<group>"; };
		3474262A206CA29500CF390E /* AFImageDownloader.h */ = {isa = PBXFileReference; fileEncoding = 4; lastKnownFileType = sourcecode.c.h; path = AFImageDownloader.h; sourceTree = "<group>"; };
		3474262B206CA29500CF390E /* AFImageDownloader.m */ = {isa = PBXFileReference; fileEncoding = 4; lastKnownFileType = sourcecode.c.objc; path = AFImageDownloader.m; sourceTree = "<group>"; };
		3474262C206CA29500CF390E /* AFNetworkActivityIndicatorManager.h */ = {isa = PBXFileReference; fileEncoding = 4; lastKnownFileType = sourcecode.c.h; path = AFNetworkActivityIndicatorManager.h; sourceTree = "<group>"; };
		3474262D206CA29500CF390E /* AFNetworkActivityIndicatorManager.m */ = {isa = PBXFileReference; fileEncoding = 4; lastKnownFileType = sourcecode.c.objc; path = AFNetworkActivityIndicatorManager.m; sourceTree = "<group>"; };
		3474262E206CA29500CF390E /* UIActivityIndicatorView+AFNetworking.h */ = {isa = PBXFileReference; fileEncoding = 4; lastKnownFileType = sourcecode.c.h; path = "UIActivityIndicatorView+AFNetworking.h"; sourceTree = "<group>"; };
		3474262F206CA29500CF390E /* UIActivityIndicatorView+AFNetworking.m */ = {isa = PBXFileReference; fileEncoding = 4; lastKnownFileType = sourcecode.c.objc; path = "UIActivityIndicatorView+AFNetworking.m"; sourceTree = "<group>"; };
		34742630206CA29500CF390E /* UIButton+AFNetworking.h */ = {isa = PBXFileReference; fileEncoding = 4; lastKnownFileType = sourcecode.c.h; path = "UIButton+AFNetworking.h"; sourceTree = "<group>"; };
		34742631206CA29500CF390E /* UIButton+AFNetworking.m */ = {isa = PBXFileReference; fileEncoding = 4; lastKnownFileType = sourcecode.c.objc; path = "UIButton+AFNetworking.m"; sourceTree = "<group>"; };
		34742632206CA29500CF390E /* UIImage+AFNetworking.h */ = {isa = PBXFileReference; fileEncoding = 4; lastKnownFileType = sourcecode.c.h; path = "UIImage+AFNetworking.h"; sourceTree = "<group>"; };
		34742633206CA29500CF390E /* UIImageView+AFNetworking.h */ = {isa = PBXFileReference; fileEncoding = 4; lastKnownFileType = sourcecode.c.h; path = "UIImageView+AFNetworking.h"; sourceTree = "<group>"; };
		34742634206CA29500CF390E /* UIImageView+AFNetworking.m */ = {isa = PBXFileReference; fileEncoding = 4; lastKnownFileType = sourcecode.c.objc; path = "UIImageView+AFNetworking.m"; sourceTree = "<group>"; };
		34742635206CA29500CF390E /* UIKit+AFNetworking.h */ = {isa = PBXFileReference; fileEncoding = 4; lastKnownFileType = sourcecode.c.h; path = "UIKit+AFNetworking.h"; sourceTree = "<group>"; };
		34742636206CA29500CF390E /* UIProgressView+AFNetworking.h */ = {isa = PBXFileReference; fileEncoding = 4; lastKnownFileType = sourcecode.c.h; path = "UIProgressView+AFNetworking.h"; sourceTree = "<group>"; };
		34742637206CA29500CF390E /* UIProgressView+AFNetworking.m */ = {isa = PBXFileReference; fileEncoding = 4; lastKnownFileType = sourcecode.c.objc; path = "UIProgressView+AFNetworking.m"; sourceTree = "<group>"; };
		34742638206CA29500CF390E /* UIRefreshControl+AFNetworking.h */ = {isa = PBXFileReference; fileEncoding = 4; lastKnownFileType = sourcecode.c.h; path = "UIRefreshControl+AFNetworking.h"; sourceTree = "<group>"; };
		34742639206CA29500CF390E /* UIRefreshControl+AFNetworking.m */ = {isa = PBXFileReference; fileEncoding = 4; lastKnownFileType = sourcecode.c.objc; path = "UIRefreshControl+AFNetworking.m"; sourceTree = "<group>"; };
		3474263A206CA29500CF390E /* UIWebView+AFNetworking.h */ = {isa = PBXFileReference; fileEncoding = 4; lastKnownFileType = sourcecode.c.h; path = "UIWebView+AFNetworking.h"; sourceTree = "<group>"; };
		3474263B206CA29500CF390E /* UIWebView+AFNetworking.m */ = {isa = PBXFileReference; fileEncoding = 4; lastKnownFileType = sourcecode.c.objc; path = "UIWebView+AFNetworking.m"; sourceTree = "<group>"; };
		3474264E206CA7D000CF390E /* Info.plist */ = {isa = PBXFileReference; fileEncoding = 4; lastKnownFileType = text.plist.xml; path = Info.plist; sourceTree = "<group>"; };
		34742650206CA7D000CF390E /* JSONModel.h */ = {isa = PBXFileReference; fileEncoding = 4; lastKnownFileType = sourcecode.c.h; path = JSONModel.h; sourceTree = "<group>"; };
		34742651206CA7D000CF390E /* JSONModel.m */ = {isa = PBXFileReference; fileEncoding = 4; lastKnownFileType = sourcecode.c.objc; path = JSONModel.m; sourceTree = "<group>"; };
		34742652206CA7D000CF390E /* JSONModelClassProperty.h */ = {isa = PBXFileReference; fileEncoding = 4; lastKnownFileType = sourcecode.c.h; path = JSONModelClassProperty.h; sourceTree = "<group>"; };
		34742653206CA7D000CF390E /* JSONModelClassProperty.m */ = {isa = PBXFileReference; fileEncoding = 4; lastKnownFileType = sourcecode.c.objc; path = JSONModelClassProperty.m; sourceTree = "<group>"; };
		34742654206CA7D000CF390E /* JSONModelError.h */ = {isa = PBXFileReference; fileEncoding = 4; lastKnownFileType = sourcecode.c.h; path = JSONModelError.h; sourceTree = "<group>"; };
		34742655206CA7D000CF390E /* JSONModelError.m */ = {isa = PBXFileReference; fileEncoding = 4; lastKnownFileType = sourcecode.c.objc; path = JSONModelError.m; sourceTree = "<group>"; };
		34742656206CA7D000CF390E /* JSONModel.modulemap */ = {isa = PBXFileReference; fileEncoding = 4; lastKnownFileType = "sourcecode.module-map"; path = JSONModel.modulemap; sourceTree = "<group>"; };
		34742657206CA7D000CF390E /* JSONModelLib.h */ = {isa = PBXFileReference; fileEncoding = 4; lastKnownFileType = sourcecode.c.h; path = JSONModelLib.h; sourceTree = "<group>"; };
		34742659206CA7D000CF390E /* JSONAPI.h */ = {isa = PBXFileReference; fileEncoding = 4; lastKnownFileType = sourcecode.c.h; path = JSONAPI.h; sourceTree = "<group>"; };
		3474265A206CA7D000CF390E /* JSONAPI.m */ = {isa = PBXFileReference; fileEncoding = 4; lastKnownFileType = sourcecode.c.objc; path = JSONAPI.m; sourceTree = "<group>"; };
		3474265B206CA7D000CF390E /* JSONHTTPClient.h */ = {isa = PBXFileReference; fileEncoding = 4; lastKnownFileType = sourcecode.c.h; path = JSONHTTPClient.h; sourceTree = "<group>"; };
		3474265C206CA7D000CF390E /* JSONHTTPClient.m */ = {isa = PBXFileReference; fileEncoding = 4; lastKnownFileType = sourcecode.c.objc; path = JSONHTTPClient.m; sourceTree = "<group>"; };
		3474265D206CA7D000CF390E /* JSONModel+networking.h */ = {isa = PBXFileReference; fileEncoding = 4; lastKnownFileType = sourcecode.c.h; path = "JSONModel+networking.h"; sourceTree = "<group>"; };
		3474265E206CA7D000CF390E /* JSONModel+networking.m */ = {isa = PBXFileReference; fileEncoding = 4; lastKnownFileType = sourcecode.c.objc; path = "JSONModel+networking.m"; sourceTree = "<group>"; };
		34742660206CA7D000CF390E /* JSONKeyMapper.h */ = {isa = PBXFileReference; fileEncoding = 4; lastKnownFileType = sourcecode.c.h; path = JSONKeyMapper.h; sourceTree = "<group>"; };
		34742661206CA7D000CF390E /* JSONKeyMapper.m */ = {isa = PBXFileReference; fileEncoding = 4; lastKnownFileType = sourcecode.c.objc; path = JSONKeyMapper.m; sourceTree = "<group>"; };
		34742662206CA7D000CF390E /* JSONValueTransformer.h */ = {isa = PBXFileReference; fileEncoding = 4; lastKnownFileType = sourcecode.c.h; path = JSONValueTransformer.h; sourceTree = "<group>"; };
		34742663206CA7D000CF390E /* JSONValueTransformer.m */ = {isa = PBXFileReference; fileEncoding = 4; lastKnownFileType = sourcecode.c.objc; path = JSONValueTransformer.m; sourceTree = "<group>"; };
		3474266D206CCDD700CF390E /* TKRequest.h */ = {isa = PBXFileReference; lastKnownFileType = sourcecode.c.h; path = TKRequest.h; sourceTree = "<group>"; };
		3474266E206CCDD700CF390E /* TKRequest.m */ = {isa = PBXFileReference; lastKnownFileType = sourcecode.c.objc; path = TKRequest.m; sourceTree = "<group>"; };
		34B88C1A206CF4AA007DE454 /* TKModel.h */ = {isa = PBXFileReference; lastKnownFileType = sourcecode.c.h; path = TKModel.h; sourceTree = "<group>"; };
		34B88C1B206CF4AA007DE454 /* TKModel.m */ = {isa = PBXFileReference; lastKnownFileType = sourcecode.c.objc; path = TKModel.m; sourceTree = "<group>"; };
		34B88C1D206CF501007DE454 /* TKMarketsModel.h */ = {isa = PBXFileReference; lastKnownFileType = sourcecode.c.h; path = TKMarketsModel.h; sourceTree = "<group>"; };
		34B88C1E206CF501007DE454 /* TKMarketsModel.m */ = {isa = PBXFileReference; lastKnownFileType = sourcecode.c.objc; path = TKMarketsModel.m; sourceTree = "<group>"; };
		34B88C20206CF556007DE454 /* TKNewsModel.h */ = {isa = PBXFileReference; lastKnownFileType = sourcecode.c.h; path = TKNewsModel.h; sourceTree = "<group>"; };
		34B88C21206CF556007DE454 /* TKNewsModel.m */ = {isa = PBXFileReference; lastKnownFileType = sourcecode.c.objc; path = TKNewsModel.m; sourceTree = "<group>"; };
/* End PBXFileReference section */

/* Begin PBXFrameworksBuildPhase section */
		347425D7206C961100CF390E /* Frameworks */ = {
			isa = PBXFrameworksBuildPhase;
			buildActionMask = 2147483647;
			files = (
			);
			runOnlyForDeploymentPostprocessing = 0;
		};
		347425EF206C961100CF390E /* Frameworks */ = {
			isa = PBXFrameworksBuildPhase;
			buildActionMask = 2147483647;
			files = (
			);
			runOnlyForDeploymentPostprocessing = 0;
		};
		347425FA206C961200CF390E /* Frameworks */ = {
			isa = PBXFrameworksBuildPhase;
			buildActionMask = 2147483647;
			files = (
			);
			runOnlyForDeploymentPostprocessing = 0;
		};
/* End PBXFrameworksBuildPhase section */

/* Begin PBXGroup section */
		347425D1206C961100CF390E = {
			isa = PBXGroup;
			children = (
				347425DC206C961100CF390E /* TokenProject */,
				347425F5206C961200CF390E /* TokenProjectTests */,
				34742600206C961200CF390E /* TokenProjectUITests */,
				347425DB206C961100CF390E /* Products */,
			);
			sourceTree = "<group>";
		};
		347425DB206C961100CF390E /* Products */ = {
			isa = PBXGroup;
			children = (
				347425DA206C961100CF390E /* TokenProject.app */,
				347425F2206C961100CF390E /* TokenProjectTests.xctest */,
				347425FD206C961200CF390E /* TokenProjectUITests.xctest */,
			);
			name = Products;
			sourceTree = "<group>";
		};
		347425DC206C961100CF390E /* TokenProject */ = {
			isa = PBXGroup;
			children = (
				3474264B206CA7D000CF390E /* model */,
				34742617206CA29500CF390E /* network */,
				34742610206C96C900CF390E /* markets */,
				3474260F206C96C900CF390E /* news */,
				347425DD206C961100CF390E /* AppDelegate.h */,
				347425DE206C961100CF390E /* AppDelegate.m */,
				347425E0206C961100CF390E /* ViewController.h */,
				347425E1206C961100CF390E /* ViewController.m */,
				347425E3206C961100CF390E /* Main.storyboard */,
				347425E6206C961100CF390E /* Assets.xcassets */,
				347425E8206C961100CF390E /* LaunchScreen.storyboard */,
				347425EB206C961100CF390E /* Info.plist */,
				347425EC206C961100CF390E /* main.m */,
			);
			path = TokenProject;
			sourceTree = "<group>";
		};
		347425F5206C961200CF390E /* TokenProjectTests */ = {
			isa = PBXGroup;
			children = (
				347425F6206C961200CF390E /* TokenProjectTests.m */,
				347425F8206C961200CF390E /* Info.plist */,
			);
			path = TokenProjectTests;
			sourceTree = "<group>";
		};
		34742600206C961200CF390E /* TokenProjectUITests */ = {
			isa = PBXGroup;
			children = (
				34742601206C961200CF390E /* TokenProjectUITests.m */,
				34742603206C961200CF390E /* Info.plist */,
			);
			path = TokenProjectUITests;
			sourceTree = "<group>";
		};
		3474260F206C96C900CF390E /* news */ = {
			isa = PBXGroup;
			children = (
				34742614206C972700CF390E /* TKNewsMainController.h */,
				34742615206C972700CF390E /* TKNewsMainController.m */,
				34B88C20206CF556007DE454 /* TKNewsModel.h */,
				34B88C21206CF556007DE454 /* TKNewsModel.m */,
			);
			path = news;
			sourceTree = "<group>";
		};
		34742610206C96C900CF390E /* markets */ = {
			isa = PBXGroup;
			children = (
				34742611206C970800CF390E /* TKMarketsMainController.h */,
				34742612206C970800CF390E /* TKMarketsMainController.m */,
				34B88C1D206CF501007DE454 /* TKMarketsModel.h */,
				34B88C1E206CF501007DE454 /* TKMarketsModel.m */,
			);
			path = markets;
			sourceTree = "<group>";
		};
		34742617206CA29500CF390E /* network */ = {
			isa = PBXGroup;
			children = (
				34742618206CA29500CF390E /* AFNetwork */,
				3474266D206CCDD700CF390E /* TKRequest.h */,
				3474266E206CCDD700CF390E /* TKRequest.m */,
			);
			path = network;
			sourceTree = "<group>";
		};
		34742618206CA29500CF390E /* AFNetwork */ = {
			isa = PBXGroup;
			children = (
				34742619206CA29500CF390E /* AFNetworking */,
				34742627206CA29500CF390E /* UIKit+AFNetworking */,
			);
			path = AFNetwork;
			sourceTree = "<group>";
		};
		34742619206CA29500CF390E /* AFNetworking */ = {
			isa = PBXGroup;
			children = (
				3474261A206CA29500CF390E /* AFHTTPSessionManager.h */,
				3474261B206CA29500CF390E /* AFHTTPSessionManager.m */,
				3474261C206CA29500CF390E /* AFNetworking.h */,
				3474261D206CA29500CF390E /* AFNetworkReachabilityManager.h */,
				3474261E206CA29500CF390E /* AFNetworkReachabilityManager.m */,
				3474261F206CA29500CF390E /* AFSecurityPolicy.h */,
				34742620206CA29500CF390E /* AFSecurityPolicy.m */,
				34742621206CA29500CF390E /* AFURLRequestSerialization.h */,
				34742622206CA29500CF390E /* AFURLRequestSerialization.m */,
				34742623206CA29500CF390E /* AFURLResponseSerialization.h */,
				34742624206CA29500CF390E /* AFURLResponseSerialization.m */,
				34742625206CA29500CF390E /* AFURLSessionManager.h */,
				34742626206CA29500CF390E /* AFURLSessionManager.m */,
			);
			path = AFNetworking;
			sourceTree = "<group>";
		};
		34742627206CA29500CF390E /* UIKit+AFNetworking */ = {
			isa = PBXGroup;
			children = (
				34742628206CA29500CF390E /* AFAutoPurgingImageCache.h */,
				34742629206CA29500CF390E /* AFAutoPurgingImageCache.m */,
				3474262A206CA29500CF390E /* AFImageDownloader.h */,
				3474262B206CA29500CF390E /* AFImageDownloader.m */,
				3474262C206CA29500CF390E /* AFNetworkActivityIndicatorManager.h */,
				3474262D206CA29500CF390E /* AFNetworkActivityIndicatorManager.m */,
				3474262E206CA29500CF390E /* UIActivityIndicatorView+AFNetworking.h */,
				3474262F206CA29500CF390E /* UIActivityIndicatorView+AFNetworking.m */,
				34742630206CA29500CF390E /* UIButton+AFNetworking.h */,
				34742631206CA29500CF390E /* UIButton+AFNetworking.m */,
				34742632206CA29500CF390E /* UIImage+AFNetworking.h */,
				34742633206CA29500CF390E /* UIImageView+AFNetworking.h */,
				34742634206CA29500CF390E /* UIImageView+AFNetworking.m */,
				34742635206CA29500CF390E /* UIKit+AFNetworking.h */,
				34742636206CA29500CF390E /* UIProgressView+AFNetworking.h */,
				34742637206CA29500CF390E /* UIProgressView+AFNetworking.m */,
				34742638206CA29500CF390E /* UIRefreshControl+AFNetworking.h */,
				34742639206CA29500CF390E /* UIRefreshControl+AFNetworking.m */,
				3474263A206CA29500CF390E /* UIWebView+AFNetworking.h */,
				3474263B206CA29500CF390E /* UIWebView+AFNetworking.m */,
			);
			path = "UIKit+AFNetworking";
			sourceTree = "<group>";
		};
		3474264B206CA7D000CF390E /* model */ = {
			isa = PBXGroup;
			children = (
				3474264C206CA7D000CF390E /* JSModel */,
				34B88C1A206CF4AA007DE454 /* TKModel.h */,
				34B88C1B206CF4AA007DE454 /* TKModel.m */,
			);
			path = model;
			sourceTree = "<group>";
		};
		3474264C206CA7D000CF390E /* JSModel */ = {
			isa = PBXGroup;
			children = (
				3474264D206CA7D000CF390E /* JSONModel */,
			);
			path = JSModel;
			sourceTree = "<group>";
		};
		3474264D206CA7D000CF390E /* JSONModel */ = {
			isa = PBXGroup;
			children = (
				3474264E206CA7D000CF390E /* Info.plist */,
				3474264F206CA7D000CF390E /* JSONModel */,
				34742656206CA7D000CF390E /* JSONModel.modulemap */,
				34742657206CA7D000CF390E /* JSONModelLib.h */,
				34742658206CA7D000CF390E /* JSONModelNetworking */,
				3474265F206CA7D000CF390E /* JSONModelTransformations */,
			);
			path = JSONModel;
			sourceTree = "<group>";
		};
		3474264F206CA7D000CF390E /* JSONModel */ = {
			isa = PBXGroup;
			children = (
				34742650206CA7D000CF390E /* JSONModel.h */,
				34742651206CA7D000CF390E /* JSONModel.m */,
				34742652206CA7D000CF390E /* JSONModelClassProperty.h */,
				34742653206CA7D000CF390E /* JSONModelClassProperty.m */,
				34742654206CA7D000CF390E /* JSONModelError.h */,
				34742655206CA7D000CF390E /* JSONModelError.m */,
			);
			path = JSONModel;
			sourceTree = "<group>";
		};
		34742658206CA7D000CF390E /* JSONModelNetworking */ = {
			isa = PBXGroup;
			children = (
				34742659206CA7D000CF390E /* JSONAPI.h */,
				3474265A206CA7D000CF390E /* JSONAPI.m */,
				3474265B206CA7D000CF390E /* JSONHTTPClient.h */,
				3474265C206CA7D000CF390E /* JSONHTTPClient.m */,
				3474265D206CA7D000CF390E /* JSONModel+networking.h */,
				3474265E206CA7D000CF390E /* JSONModel+networking.m */,
			);
			path = JSONModelNetworking;
			sourceTree = "<group>";
		};
		3474265F206CA7D000CF390E /* JSONModelTransformations */ = {
			isa = PBXGroup;
			children = (
				34742660206CA7D000CF390E /* JSONKeyMapper.h */,
				34742661206CA7D000CF390E /* JSONKeyMapper.m */,
				34742662206CA7D000CF390E /* JSONValueTransformer.h */,
				34742663206CA7D000CF390E /* JSONValueTransformer.m */,
			);
			path = JSONModelTransformations;
			sourceTree = "<group>";
		};
/* End PBXGroup section */

/* Begin PBXNativeTarget section */
		347425D9206C961100CF390E /* TokenProject */ = {
			isa = PBXNativeTarget;
			buildConfigurationList = 34742606206C961200CF390E /* Build configuration list for PBXNativeTarget "TokenProject" */;
			buildPhases = (
				347425D6206C961100CF390E /* Sources */,
				347425D7206C961100CF390E /* Frameworks */,
				347425D8206C961100CF390E /* Resources */,
			);
			buildRules = (
			);
			dependencies = (
			);
			name = TokenProject;
			productName = TokenProject;
			productReference = 347425DA206C961100CF390E /* TokenProject.app */;
			productType = "com.apple.product-type.application";
		};
		347425F1206C961100CF390E /* TokenProjectTests */ = {
			isa = PBXNativeTarget;
			buildConfigurationList = 34742609206C961200CF390E /* Build configuration list for PBXNativeTarget "TokenProjectTests" */;
			buildPhases = (
				347425EE206C961100CF390E /* Sources */,
				347425EF206C961100CF390E /* Frameworks */,
				347425F0206C961100CF390E /* Resources */,
			);
			buildRules = (
			);
			dependencies = (
				347425F4206C961200CF390E /* PBXTargetDependency */,
			);
			name = TokenProjectTests;
			productName = TokenProjectTests;
			productReference = 347425F2206C961100CF390E /* TokenProjectTests.xctest */;
			productType = "com.apple.product-type.bundle.unit-test";
		};
		347425FC206C961200CF390E /* TokenProjectUITests */ = {
			isa = PBXNativeTarget;
			buildConfigurationList = 3474260C206C961200CF390E /* Build configuration list for PBXNativeTarget "TokenProjectUITests" */;
			buildPhases = (
				347425F9206C961200CF390E /* Sources */,
				347425FA206C961200CF390E /* Frameworks */,
				347425FB206C961200CF390E /* Resources */,
			);
			buildRules = (
			);
			dependencies = (
				347425FF206C961200CF390E /* PBXTargetDependency */,
			);
			name = TokenProjectUITests;
			productName = TokenProjectUITests;
			productReference = 347425FD206C961200CF390E /* TokenProjectUITests.xctest */;
			productType = "com.apple.product-type.bundle.ui-testing";
		};
/* End PBXNativeTarget section */

/* Begin PBXProject section */
		347425D2206C961100CF390E /* Project object */ = {
			isa = PBXProject;
			attributes = {
				LastUpgradeCheck = 0920;
				ORGANIZATIONNAME = "刘建廷";
				TargetAttributes = {
					347425D9206C961100CF390E = {
						CreatedOnToolsVersion = 9.2;
						ProvisioningStyle = Automatic;
					};
					347425F1206C961100CF390E = {
						CreatedOnToolsVersion = 9.2;
						ProvisioningStyle = Automatic;
						TestTargetID = 347425D9206C961100CF390E;
					};
					347425FC206C961200CF390E = {
						CreatedOnToolsVersion = 9.2;
						ProvisioningStyle = Automatic;
						TestTargetID = 347425D9206C961100CF390E;
					};
				};
			};
			buildConfigurationList = 347425D5206C961100CF390E /* Build configuration list for PBXProject "TokenProject" */;
			compatibilityVersion = "Xcode 8.0";
			developmentRegion = en;
			hasScannedForEncodings = 0;
			knownRegions = (
				en,
				Base,
			);
			mainGroup = 347425D1206C961100CF390E;
			productRefGroup = 347425DB206C961100CF390E /* Products */;
			projectDirPath = "";
			projectRoot = "";
			targets = (
				347425D9206C961100CF390E /* TokenProject */,
				347425F1206C961100CF390E /* TokenProjectTests */,
				347425FC206C961200CF390E /* TokenProjectUITests */,
			);
		};
/* End PBXProject section */

/* Begin PBXResourcesBuildPhase section */
		347425D8206C961100CF390E /* Resources */ = {
			isa = PBXResourcesBuildPhase;
			buildActionMask = 2147483647;
			files = (
				34742664206CA7D000CF390E /* Info.plist in Resources */,
				347425EA206C961100CF390E /* LaunchScreen.storyboard in Resources */,
				347425E7206C961100CF390E /* Assets.xcassets in Resources */,
				347425E5206C961100CF390E /* Main.storyboard in Resources */,
			);
			runOnlyForDeploymentPostprocessing = 0;
		};
		347425F0206C961100CF390E /* Resources */ = {
			isa = PBXResourcesBuildPhase;
			buildActionMask = 2147483647;
			files = (
			);
			runOnlyForDeploymentPostprocessing = 0;
		};
		347425FB206C961200CF390E /* Resources */ = {
			isa = PBXResourcesBuildPhase;
			buildActionMask = 2147483647;
			files = (
			);
			runOnlyForDeploymentPostprocessing = 0;
		};
/* End PBXResourcesBuildPhase section */

/* Begin PBXSourcesBuildPhase section */
		347425D6206C961100CF390E /* Sources */ = {
			isa = PBXSourcesBuildPhase;
			buildActionMask = 2147483647;
			files = (
				34742665206CA7D000CF390E /* JSONModel.m in Sources */,
				3474263F206CA29500CF390E /* AFURLRequestSerialization.m in Sources */,
				34B88C1F206CF501007DE454 /* TKMarketsModel.m in Sources */,
				34742647206CA29500CF390E /* UIImageView+AFNetworking.m in Sources */,
				34742616206C972700CF390E /* TKNewsMainController.m in Sources */,
				347425E2206C961100CF390E /* ViewController.m in Sources */,
				34742648206CA29500CF390E /* UIProgressView+AFNetworking.m in Sources */,
				34742643206CA29500CF390E /* AFImageDownloader.m in Sources */,
				3474266F206CCDD700CF390E /* TKRequest.m in Sources */,
				34742642206CA29500CF390E /* AFAutoPurgingImageCache.m in Sources */,
				34742668206CA7D000CF390E /* JSONAPI.m in Sources */,
				34B88C1C206CF4AA007DE454 /* TKModel.m in Sources */,
				347425ED206C961100CF390E /* main.m in Sources */,
				34742646206CA29500CF390E /* UIButton+AFNetworking.m in Sources */,
				3474266C206CA7D000CF390E /* JSONValueTransformer.m in Sources */,
				34742645206CA29500CF390E /* UIActivityIndicatorView+AFNetworking.m in Sources */,
				3474266B206CA7D000CF390E /* JSONKeyMapper.m in Sources */,
				34742641206CA29500CF390E /* AFURLSessionManager.m in Sources */,
				34742649206CA29500CF390E /* UIRefreshControl+AFNetworking.m in Sources */,
				3474264A206CA29500CF390E /* UIWebView+AFNetworking.m in Sources */,
				34742640206CA29500CF390E /* AFURLResponseSerialization.m in Sources */,
				34B88C22206CF556007DE454 /* TKNewsModel.m in Sources */,
				34742667206CA7D000CF390E /* JSONModelError.m in Sources */,
				34742666206CA7D000CF390E /* JSONModelClassProperty.m in Sources */,
				3474263D206CA29500CF390E /* AFNetworkReachabilityManager.m in Sources */,
				3474263E206CA29500CF390E /* AFSecurityPolicy.m in Sources */,
				34742669206CA7D000CF390E /* JSONHTTPClient.m in Sources */,
				3474266A206CA7D000CF390E /* JSONModel+networking.m in Sources */,
				3474263C206CA29500CF390E /* AFHTTPSessionManager.m in Sources */,
				347425DF206C961100CF390E /* AppDelegate.m in Sources */,
				34742644206CA29500CF390E /* AFNetworkActivityIndicatorManager.m in Sources */,
				34742613206C970800CF390E /* TKMarketsMainController.m in Sources */,
			);
			runOnlyForDeploymentPostprocessing = 0;
		};
		347425EE206C961100CF390E /* Sources */ = {
			isa = PBXSourcesBuildPhase;
			buildActionMask = 2147483647;
			files = (
				347425F7206C961200CF390E /* TokenProjectTests.m in Sources */,
			);
			runOnlyForDeploymentPostprocessing = 0;
		};
		347425F9206C961200CF390E /* Sources */ = {
			isa = PBXSourcesBuildPhase;
			buildActionMask = 2147483647;
			files = (
				34742602206C961200CF390E /* TokenProjectUITests.m in Sources */,
			);
			runOnlyForDeploymentPostprocessing = 0;
		};
/* End PBXSourcesBuildPhase section */

/* Begin PBXTargetDependency section */
		347425F4206C961200CF390E /* PBXTargetDependency */ = {
			isa = PBXTargetDependency;
			target = 347425D9206C961100CF390E /* TokenProject */;
			targetProxy = 347425F3206C961200CF390E /* PBXContainerItemProxy */;
		};
		347425FF206C961200CF390E /* PBXTargetDependency */ = {
			isa = PBXTargetDependency;
			target = 347425D9206C961100CF390E /* TokenProject */;
			targetProxy = 347425FE206C961200CF390E /* PBXContainerItemProxy */;
		};
/* End PBXTargetDependency section */

/* Begin PBXVariantGroup section */
		347425E3206C961100CF390E /* Main.storyboard */ = {
			isa = PBXVariantGroup;
			children = (
				347425E4206C961100CF390E /* Base */,
			);
			name = Main.storyboard;
			sourceTree = "<group>";
		};
		347425E8206C961100CF390E /* LaunchScreen.storyboard */ = {
			isa = PBXVariantGroup;
			children = (
				347425E9206C961100CF390E /* Base */,
			);
			name = LaunchScreen.storyboard;
			sourceTree = "<group>";
		};
/* End PBXVariantGroup section */

/* Begin XCBuildConfiguration section */
		34742604206C961200CF390E /* Debug */ = {
			isa = XCBuildConfiguration;
			buildSettings = {
				ALWAYS_SEARCH_USER_PATHS = NO;
				CLANG_ANALYZER_NONNULL = YES;
				CLANG_ANALYZER_NUMBER_OBJECT_CONVERSION = YES_AGGRESSIVE;
				CLANG_CXX_LANGUAGE_STANDARD = "gnu++14";
				CLANG_CXX_LIBRARY = "libc++";
				CLANG_ENABLE_MODULES = YES;
				CLANG_ENABLE_OBJC_ARC = YES;
				CLANG_WARN_BLOCK_CAPTURE_AUTORELEASING = YES;
				CLANG_WARN_BOOL_CONVERSION = YES;
				CLANG_WARN_COMMA = YES;
				CLANG_WARN_CONSTANT_CONVERSION = YES;
				CLANG_WARN_DIRECT_OBJC_ISA_USAGE = YES_ERROR;
				CLANG_WARN_DOCUMENTATION_COMMENTS = YES;
				CLANG_WARN_EMPTY_BODY = YES;
				CLANG_WARN_ENUM_CONVERSION = YES;
				CLANG_WARN_INFINITE_RECURSION = YES;
				CLANG_WARN_INT_CONVERSION = YES;
				CLANG_WARN_NON_LITERAL_NULL_CONVERSION = YES;
				CLANG_WARN_OBJC_LITERAL_CONVERSION = YES;
				CLANG_WARN_OBJC_ROOT_CLASS = YES_ERROR;
				CLANG_WARN_RANGE_LOOP_ANALYSIS = YES;
				CLANG_WARN_STRICT_PROTOTYPES = YES;
				CLANG_WARN_SUSPICIOUS_MOVE = YES;
				CLANG_WARN_UNGUARDED_AVAILABILITY = YES_AGGRESSIVE;
				CLANG_WARN_UNREACHABLE_CODE = YES;
				CLANG_WARN__DUPLICATE_METHOD_MATCH = YES;
				CODE_SIGN_IDENTITY = "iPhone Developer";
				COPY_PHASE_STRIP = NO;
				DEBUG_INFORMATION_FORMAT = dwarf;
				ENABLE_STRICT_OBJC_MSGSEND = YES;
				ENABLE_TESTABILITY = YES;
				GCC_C_LANGUAGE_STANDARD = gnu11;
				GCC_DYNAMIC_NO_PIC = NO;
				GCC_NO_COMMON_BLOCKS = YES;
				GCC_OPTIMIZATION_LEVEL = 0;
				GCC_PREPROCESSOR_DEFINITIONS = (
					"DEBUG=1",
					"$(inherited)",
				);
				GCC_WARN_64_TO_32_BIT_CONVERSION = YES;
				GCC_WARN_ABOUT_RETURN_TYPE = YES_ERROR;
				GCC_WARN_UNDECLARED_SELECTOR = YES;
				GCC_WARN_UNINITIALIZED_AUTOS = YES_AGGRESSIVE;
				GCC_WARN_UNUSED_FUNCTION = YES;
				GCC_WARN_UNUSED_VARIABLE = YES;
				IPHONEOS_DEPLOYMENT_TARGET = 11.2;
				MTL_ENABLE_DEBUG_INFO = YES;
				ONLY_ACTIVE_ARCH = YES;
				SDKROOT = iphoneos;
			};
			name = Debug;
		};
		34742605206C961200CF390E /* Release */ = {
			isa = XCBuildConfiguration;
			buildSettings = {
				ALWAYS_SEARCH_USER_PATHS = NO;
				CLANG_ANALYZER_NONNULL = YES;
				CLANG_ANALYZER_NUMBER_OBJECT_CONVERSION = YES_AGGRESSIVE;
				CLANG_CXX_LANGUAGE_STANDARD = "gnu++14";
				CLANG_CXX_LIBRARY = "libc++";
				CLANG_ENABLE_MODULES = YES;
				CLANG_ENABLE_OBJC_ARC = YES;
				CLANG_WARN_BLOCK_CAPTURE_AUTORELEASING = YES;
				CLANG_WARN_BOOL_CONVERSION = YES;
				CLANG_WARN_COMMA = YES;
				CLANG_WARN_CONSTANT_CONVERSION = YES;
				CLANG_WARN_DIRECT_OBJC_ISA_USAGE = YES_ERROR;
				CLANG_WARN_DOCUMENTATION_COMMENTS = YES;
				CLANG_WARN_EMPTY_BODY = YES;
				CLANG_WARN_ENUM_CONVERSION = YES;
				CLANG_WARN_INFINITE_RECURSION = YES;
				CLANG_WARN_INT_CONVERSION = YES;
				CLANG_WARN_NON_LITERAL_NULL_CONVERSION = YES;
				CLANG_WARN_OBJC_LITERAL_CONVERSION = YES;
				CLANG_WARN_OBJC_ROOT_CLASS = YES_ERROR;
				CLANG_WARN_RANGE_LOOP_ANALYSIS = YES;
				CLANG_WARN_STRICT_PROTOTYPES = YES;
				CLANG_WARN_SUSPICIOUS_MOVE = YES;
				CLANG_WARN_UNGUARDED_AVAILABILITY = YES_AGGRESSIVE;
				CLANG_WARN_UNREACHABLE_CODE = YES;
				CLANG_WARN__DUPLICATE_METHOD_MATCH = YES;
				CODE_SIGN_IDENTITY = "iPhone Developer";
				COPY_PHASE_STRIP = NO;
				DEBUG_INFORMATION_FORMAT = "dwarf-with-dsym";
				ENABLE_NS_ASSERTIONS = NO;
				ENABLE_STRICT_OBJC_MSGSEND = YES;
				GCC_C_LANGUAGE_STANDARD = gnu11;
				GCC_NO_COMMON_BLOCKS = YES;
				GCC_WARN_64_TO_32_BIT_CONVERSION = YES;
				GCC_WARN_ABOUT_RETURN_TYPE = YES_ERROR;
				GCC_WARN_UNDECLARED_SELECTOR = YES;
				GCC_WARN_UNINITIALIZED_AUTOS = YES_AGGRESSIVE;
				GCC_WARN_UNUSED_FUNCTION = YES;
				GCC_WARN_UNUSED_VARIABLE = YES;
				IPHONEOS_DEPLOYMENT_TARGET = 11.2;
				MTL_ENABLE_DEBUG_INFO = NO;
				SDKROOT = iphoneos;
				VALIDATE_PRODUCT = YES;
			};
			name = Release;
		};
		34742607206C961200CF390E /* Debug */ = {
			isa = XCBuildConfiguration;
			buildSettings = {
				ASSETCATALOG_COMPILER_APPICON_NAME = AppIcon;
				CODE_SIGN_STYLE = Automatic;
				DEVELOPMENT_TEAM = 2D366TPZ8S;
				INFOPLIST_FILE = TokenProject/Info.plist;
				LD_RUNPATH_SEARCH_PATHS = "$(inherited) @executable_path/Frameworks";
				PRODUCT_BUNDLE_IDENTIFIER = com.jianting.TokenProject;
				PRODUCT_NAME = "$(TARGET_NAME)";
				TARGETED_DEVICE_FAMILY = "1,2";
			};
			name = Debug;
		};
		34742608206C961200CF390E /* Release */ = {
			isa = XCBuildConfiguration;
			buildSettings = {
				ASSETCATALOG_COMPILER_APPICON_NAME = AppIcon;
				CODE_SIGN_STYLE = Automatic;
				DEVELOPMENT_TEAM = 2D366TPZ8S;
				INFOPLIST_FILE = TokenProject/Info.plist;
				LD_RUNPATH_SEARCH_PATHS = "$(inherited) @executable_path/Frameworks";
				PRODUCT_BUNDLE_IDENTIFIER = com.jianting.TokenProject;
				PRODUCT_NAME = "$(TARGET_NAME)";
				TARGETED_DEVICE_FAMILY = "1,2";
			};
			name = Release;
		};
		3474260A206C961200CF390E /* Debug */ = {
			isa = XCBuildConfiguration;
			buildSettings = {
				BUNDLE_LOADER = "$(TEST_HOST)";
				CODE_SIGN_STYLE = Automatic;
				DEVELOPMENT_TEAM = 2D366TPZ8S;
				INFOPLIST_FILE = TokenProjectTests/Info.plist;
				LD_RUNPATH_SEARCH_PATHS = "$(inherited) @executable_path/Frameworks @loader_path/Frameworks";
				PRODUCT_BUNDLE_IDENTIFIER = com.jianting.TokenProjectTests;
				PRODUCT_NAME = "$(TARGET_NAME)";
				TARGETED_DEVICE_FAMILY = "1,2";
				TEST_HOST = "$(BUILT_PRODUCTS_DIR)/TokenProject.app/TokenProject";
			};
			name = Debug;
		};
		3474260B206C961200CF390E /* Release */ = {
			isa = XCBuildConfiguration;
			buildSettings = {
				BUNDLE_LOADER = "$(TEST_HOST)";
				CODE_SIGN_STYLE = Automatic;
				DEVELOPMENT_TEAM = 2D366TPZ8S;
				INFOPLIST_FILE = TokenProjectTests/Info.plist;
				LD_RUNPATH_SEARCH_PATHS = "$(inherited) @executable_path/Frameworks @loader_path/Frameworks";
				PRODUCT_BUNDLE_IDENTIFIER = com.jianting.TokenProjectTests;
				PRODUCT_NAME = "$(TARGET_NAME)";
				TARGETED_DEVICE_FAMILY = "1,2";
				TEST_HOST = "$(BUILT_PRODUCTS_DIR)/TokenProject.app/TokenProject";
			};
			name = Release;
		};
		3474260D206C961200CF390E /* Debug */ = {
			isa = XCBuildConfiguration;
			buildSettings = {
				CODE_SIGN_STYLE = Automatic;
				DEVELOPMENT_TEAM = 2D366TPZ8S;
				INFOPLIST_FILE = TokenProjectUITests/Info.plist;
				LD_RUNPATH_SEARCH_PATHS = "$(inherited) @executable_path/Frameworks @loader_path/Frameworks";
				PRODUCT_BUNDLE_IDENTIFIER = com.jianting.TokenProjectUITests;
				PRODUCT_NAME = "$(TARGET_NAME)";
				TARGETED_DEVICE_FAMILY = "1,2";
				TEST_TARGET_NAME = TokenProject;
			};
			name = Debug;
		};
		3474260E206C961200CF390E /* Release */ = {
			isa = XCBuildConfiguration;
			buildSettings = {
				CODE_SIGN_STYLE = Automatic;
				DEVELOPMENT_TEAM = 2D366TPZ8S;
				INFOPLIST_FILE = TokenProjectUITests/Info.plist;
				LD_RUNPATH_SEARCH_PATHS = "$(inherited) @executable_path/Frameworks @loader_path/Frameworks";
				PRODUCT_BUNDLE_IDENTIFIER = com.jianting.TokenProjectUITests;
				PRODUCT_NAME = "$(TARGET_NAME)";
				TARGETED_DEVICE_FAMILY = "1,2";
				TEST_TARGET_NAME = TokenProject;
			};
			name = Release;
		};
/* End XCBuildConfiguration section */

/* Begin XCConfigurationList section */
		347425D5206C961100CF390E /* Build configuration list for PBXProject "TokenProject" */ = {
			isa = XCConfigurationList;
			buildConfigurations = (
				34742604206C961200CF390E /* Debug */,
				34742605206C961200CF390E /* Release */,
			);
			defaultConfigurationIsVisible = 0;
			defaultConfigurationName = Release;
		};
		34742606206C961200CF390E /* Build configuration list for PBXNativeTarget "TokenProject" */ = {
			isa = XCConfigurationList;
			buildConfigurations = (
				34742607206C961200CF390E /* Debug */,
				34742608206C961200CF390E /* Release */,
			);
			defaultConfigurationIsVisible = 0;
			defaultConfigurationName = Release;
		};
		34742609206C961200CF390E /* Build configuration list for PBXNativeTarget "TokenProjectTests" */ = {
			isa = XCConfigurationList;
			buildConfigurations = (
				3474260A206C961200CF390E /* Debug */,
				3474260B206C961200CF390E /* Release */,
			);
			defaultConfigurationIsVisible = 0;
			defaultConfigurationName = Release;
		};
		3474260C206C961200CF390E /* Build configuration list for PBXNativeTarget "TokenProjectUITests" */ = {
			isa = XCConfigurationList;
			buildConfigurations = (
				3474260D206C961200CF390E /* Debug */,
				3474260E206C961200CF390E /* Release */,
			);
			defaultConfigurationIsVisible = 0;
			defaultConfigurationName = Release;
		};
/* End XCConfigurationList section */
	};
	rootObject = 347425D2206C961100CF390E /* Project object */;
}
